// !$*UTF8*$!
{
	archiveVersion = 1;
	classes = {
	};
	objectVersion = 45;
	objects = {

/* Begin PBXBuildFile section */
		E0303DED10F4D26B0032A42B /* CoreTestsLoggingTests.m in Sources */ = {isa = PBXBuildFile; fileRef = E0303DEC10F4D26B0032A42B /* CoreTestsLoggingTests.m */; };
		E09F2CBC10F4B82400246AAA /* CoreTestsLogger.m in Sources */ = {isa = PBXBuildFile; fileRef = E09F2CBB10F4B82400246AAA /* CoreTestsLogger.m */; };
		E0EB42DF10F4ABB4009540E4 /* lcl.m in Sources */ = {isa = PBXBuildFile; fileRef = E0EB42DE10F4ABB4009540E4 /* lcl.m */; };
		E0EB440510F4B3C6009540E4 /* lcl.m in Sources */ = {isa = PBXBuildFile; fileRef = E0EB42DE10F4ABB4009540E4 /* lcl.m */; };
/* End PBXBuildFile section */

/* Begin PBXContainerItemProxy section */
		E0EB43F110F4B371009540E4 /* PBXContainerItemProxy */ = {
			isa = PBXContainerItemProxy;
			containerPortal = 29B97313FDCFA39411CA2CEA /* Project object */;
			proxyType = 1;
			remoteGlobalIDString = E00B95E40F2C88F800309460;
			remoteInfo = "Core-Tests-MacOSX-10.5";
		};
/* End PBXContainerItemProxy section */

/* Begin PBXFileReference section */
		E0303DEC10F4D26B0032A42B /* CoreTestsLoggingTests.m */ = {isa = PBXFileReference; fileEncoding = 4; lastKnownFileType = sourcecode.c.objc; name = CoreTestsLoggingTests.m; path = "Core-Tests/CoreTestsLoggingTests.m"; sourceTree = "<group>"; };
		E09F2CAE10F4B75E00246AAA /* CoreTests.pch */ = {isa = PBXFileReference; fileEncoding = 4; lastKnownFileType = sourcecode.c.h; name = CoreTests.pch; path = "Core-Tests/CoreTests.pch"; sourceTree = "<group>"; };
		E09F2CBA10F4B82400246AAA /* CoreTestsLogger.h */ = {isa = PBXFileReference; fileEncoding = 4; lastKnownFileType = sourcecode.c.h; name = CoreTestsLogger.h; path = "Core-Tests/CoreTestsLogger.h"; sourceTree = "<group>"; };
		E09F2CBB10F4B82400246AAA /* CoreTestsLogger.m */ = {isa = PBXFileReference; fileEncoding = 4; lastKnownFileType = sourcecode.c.objc; name = CoreTestsLogger.m; path = "Core-Tests/CoreTestsLogger.m"; sourceTree = "<group>"; };
		E0EB42DB10F4ABB4009540E4 /* lcl_config_components.template.h */ = {isa = PBXFileReference; fileEncoding = 4; lastKnownFileType = sourcecode.c.h; name = lcl_config_components.template.h; path = ../lcl_config_components.template.h; sourceTree = SOURCE_ROOT; };
		E0EB42DC10F4ABB4009540E4 /* lcl_config_logger.template.h */ = {isa = PBXFileReference; fileEncoding = 4; lastKnownFileType = sourcecode.c.h; name = lcl_config_logger.template.h; path = ../lcl_config_logger.template.h; sourceTree = SOURCE_ROOT; };
		E0EB42DD10F4ABB4009540E4 /* lcl.h */ = {isa = PBXFileReference; fileEncoding = 4; lastKnownFileType = sourcecode.c.h; name = lcl.h; path = ../lcl.h; sourceTree = SOURCE_ROOT; };
		E0EB42DE10F4ABB4009540E4 /* lcl.m */ = {isa = PBXFileReference; fileEncoding = 4; lastKnownFileType = sourcecode.c.objc; name = lcl.m; path = ../lcl.m; sourceTree = SOURCE_ROOT; };
		E0EB42EF10F4AC57009540E4 /* Core-Tests-MacOSX-10.5.octest */ = {isa = PBXFileReference; explicitFileType = wrapper.cfbundle; includeInIndex = 0; path = "Core-Tests-MacOSX-10.5.octest"; sourceTree = BUILT_PRODUCTS_DIR; };
		E0EB42FF10F4ACEF009540E4 /* lcl_config_components.h */ = {isa = PBXFileReference; fileEncoding = 4; lastKnownFileType = sourcecode.c.h; name = lcl_config_components.h; path = "Core-Tests/lcl_config_components.h"; sourceTree = "<group>"; };
		E0EB430010F4ACEF009540E4 /* lcl_config_logger.h */ = {isa = PBXFileReference; fileEncoding = 4; lastKnownFileType = sourcecode.c.h; name = lcl_config_logger.h; path = "Core-Tests/lcl_config_logger.h"; sourceTree = "<group>"; };
		E0EB43A810F4B1EB009540E4 /* Core-Tests-Info.plist */ = {isa = PBXFileReference; fileEncoding = 4; lastKnownFileType = text.plist.xml; name = "Core-Tests-Info.plist"; path = "Core-Tests/Core-Tests-Info.plist"; sourceTree = "<group>"; };
		E0EB43E810F4B365009540E4 /* Core-Tests.octest */ = {isa = PBXFileReference; explicitFileType = wrapper.cfbundle; includeInIndex = 0; path = "Core-Tests.octest"; sourceTree = BUILT_PRODUCTS_DIR; };
/* End PBXFileReference section */

/* Begin PBXFrameworksBuildPhase section */
		E00B95E20F2C88F800309460 /* Frameworks */ = {
			isa = PBXFrameworksBuildPhase;
			buildActionMask = 2147483647;
			files = (
			);
			runOnlyForDeploymentPostprocessing = 0;
		};
		E0EB43E510F4B365009540E4 /* Frameworks */ = {
			isa = PBXFrameworksBuildPhase;
			buildActionMask = 2147483647;
			files = (
			);
			runOnlyForDeploymentPostprocessing = 0;
		};
/* End PBXFrameworksBuildPhase section */

/* Begin PBXGroup section */
		29B97314FDCFA39411CA2CEA /* Core */ = {
			isa = PBXGroup;
			children = (
				E0E417970F2128750036D6FD /* Core */,
				E0EB42E310F4ABE9009540E4 /* Core-Tests */,
				E0EB43E810F4B365009540E4 /* Core-Tests.octest */,
				E0EB42EF10F4AC57009540E4 /* Core-Tests-MacOSX-10.5.octest */,
			);
			name = Core;
			sourceTree = "<group>";
		};
		E0E417970F2128750036D6FD /* Core */ = {
			isa = PBXGroup;
			children = (
				E0EB42DD10F4ABB4009540E4 /* lcl.h */,
				E0EB42DE10F4ABB4009540E4 /* lcl.m */,
				E0EB42DB10F4ABB4009540E4 /* lcl_config_components.template.h */,
				E0EB42DC10F4ABB4009540E4 /* lcl_config_logger.template.h */,
			);
			name = Core;
			sourceTree = "<group>";
		};
		E0EB42E310F4ABE9009540E4 /* Core-Tests */ = {
			isa = PBXGroup;
			children = (
				E0EB42FF10F4ACEF009540E4 /* lcl_config_components.h */,
				E0EB430010F4ACEF009540E4 /* lcl_config_logger.h */,
				E09F2CAE10F4B75E00246AAA /* CoreTests.pch */,
				E09F2CBA10F4B82400246AAA /* CoreTestsLogger.h */,
				E09F2CBB10F4B82400246AAA /* CoreTestsLogger.m */,
				E0303DEC10F4D26B0032A42B /* CoreTestsLoggingTests.m */,
				E0EB43A810F4B1EB009540E4 /* Core-Tests-Info.plist */,
			);
			name = "Core-Tests";
			sourceTree = "<group>";
		};
/* End PBXGroup section */

/* Begin PBXNativeTarget section */
		E00B95E40F2C88F800309460 /* Core-Tests-MacOSX-10.5 */ = {
			isa = PBXNativeTarget;
			buildConfigurationList = E00B95E90F2C88F900309460 /* Build configuration list for PBXNativeTarget "Core-Tests-MacOSX-10.5" */;
			buildPhases = (
				E00B95E00F2C88F800309460 /* Resources */,
				E00B95E10F2C88F800309460 /* Sources */,
				E00B95E20F2C88F800309460 /* Frameworks */,
				E00B95E30F2C88F800309460 /* ShellScript */,
			);
			buildRules = (
			);
			dependencies = (
			);
			name = "Core-Tests-MacOSX-10.5";
			productName = Tests;
			productReference = E0EB42EF10F4AC57009540E4 /* Core-Tests-MacOSX-10.5.octest */;
			productType = "com.apple.product-type.bundle";
		};
		E0EB43E710F4B365009540E4 /* Core-Tests */ = {
			isa = PBXNativeTarget;
			buildConfigurationList = E0EB43EC10F4B366009540E4 /* Build configuration list for PBXNativeTarget "Core-Tests" */;
			buildPhases = (
				E0EB43E310F4B365009540E4 /* Resources */,
				E0EB43E410F4B365009540E4 /* Sources */,
				E0EB43E510F4B365009540E4 /* Frameworks */,
				E0EB43E610F4B365009540E4 /* ShellScript */,
			);
			buildRules = (
			);
			dependencies = (
				E0EB43F210F4B371009540E4 /* PBXTargetDependency */,
			);
			name = "Core-Tests";
			productName = "Core-Tests";
			productReference = E0EB43E810F4B365009540E4 /* Core-Tests.octest */;
			productType = "com.apple.product-type.bundle";
		};
/* End PBXNativeTarget section */

/* Begin PBXProject section */
		29B97313FDCFA39411CA2CEA /* Project object */ = {
			isa = PBXProject;
			buildConfigurationList = C01FCF4E08A954540054247B /* Build configuration list for PBXProject "LibComponentLogging-Core" */;
			compatibilityVersion = "Xcode 3.1";
			hasScannedForEncodings = 1;
			mainGroup = 29B97314FDCFA39411CA2CEA /* Core */;
			productRefGroup = 29B97314FDCFA39411CA2CEA /* Core */;
			projectDirPath = "";
			projectRoot = "";
			targets = (
				E0EB43E710F4B365009540E4 /* Core-Tests */,
				E00B95E40F2C88F800309460 /* Core-Tests-MacOSX-10.5 */,
			);
		};
/* End PBXProject section */

/* Begin PBXResourcesBuildPhase section */
		E00B95E00F2C88F800309460 /* Resources */ = {
			isa = PBXResourcesBuildPhase;
			buildActionMask = 2147483647;
			files = (
			);
			runOnlyForDeploymentPostprocessing = 0;
		};
		E0EB43E310F4B365009540E4 /* Resources */ = {
			isa = PBXResourcesBuildPhase;
			buildActionMask = 2147483647;
			files = (
			);
			runOnlyForDeploymentPostprocessing = 0;
		};
/* End PBXResourcesBuildPhase section */

/* Begin PBXShellScriptBuildPhase section */
		E00B95E30F2C88F800309460 /* ShellScript */ = {
			isa = PBXShellScriptBuildPhase;
			buildActionMask = 2147483647;
			files = (
			);
			inputPaths = (
			);
			outputPaths = (
			);
			runOnlyForDeploymentPostprocessing = 0;
			shellPath = /bin/sh;
			shellScript = "# Run the unit tests in this test bundle.\n\"${SYSTEM_DEVELOPER_DIR}/Tools/RunUnitTests\"\n";
		};
		E0EB43E610F4B365009540E4 /* ShellScript */ = {
			isa = PBXShellScriptBuildPhase;
			buildActionMask = 2147483647;
			files = (
			);
			inputPaths = (
			);
			outputPaths = (
			);
			runOnlyForDeploymentPostprocessing = 0;
			shellPath = /bin/sh;
			shellScript = "# Run the unit tests in this test bundle.\n\"${SYSTEM_DEVELOPER_DIR}/Tools/RunUnitTests\"\n";
		};
/* End PBXShellScriptBuildPhase section */

/* Begin PBXSourcesBuildPhase section */
		E00B95E10F2C88F800309460 /* Sources */ = {
			isa = PBXSourcesBuildPhase;
			buildActionMask = 2147483647;
			files = (
				E0EB42DF10F4ABB4009540E4 /* lcl.m in Sources */,
				E09F2CBC10F4B82400246AAA /* CoreTestsLogger.m in Sources */,
				E0303DED10F4D26B0032A42B /* CoreTestsLoggingTests.m in Sources */,
			);
			runOnlyForDeploymentPostprocessing = 0;
		};
		E0EB43E410F4B365009540E4 /* Sources */ = {
			isa = PBXSourcesBuildPhase;
			buildActionMask = 2147483647;
			files = (
				E0EB440510F4B3C6009540E4 /* lcl.m in Sources */,
			);
			runOnlyForDeploymentPostprocessing = 0;
		};
/* End PBXSourcesBuildPhase section */

/* Begin PBXTargetDependency section */
		E0EB43F210F4B371009540E4 /* PBXTargetDependency */ = {
			isa = PBXTargetDependency;
			target = E00B95E40F2C88F800309460 /* Core-Tests-MacOSX-10.5 */;
			targetProxy = E0EB43F110F4B371009540E4 /* PBXContainerItemProxy */;
		};
/* End PBXTargetDependency section */

/* Begin XCBuildConfiguration section */
		C01FCF4F08A954540054247B /* Debug */ = {
			isa = XCBuildConfiguration;
			buildSettings = {
				ARCHS = "$(ARCHS_STANDARD_32_BIT)";
				GCC_C_LANGUAGE_STANDARD = c99;
				GCC_OPTIMIZATION_LEVEL = 0;
				GCC_WARN_ABOUT_RETURN_TYPE = YES;
				GCC_WARN_UNUSED_VARIABLE = YES;
				ONLY_ACTIVE_ARCH = YES;
				PREBINDING = NO;
				SDKROOT = macosx10.5;
			};
			name = Debug;
		};
		C01FCF5008A954540054247B /* Release */ = {
			isa = XCBuildConfiguration;
			buildSettings = {
				ARCHS = "$(ARCHS_STANDARD_32_BIT)";
				GCC_C_LANGUAGE_STANDARD = c99;
				GCC_WARN_ABOUT_RETURN_TYPE = YES;
				GCC_WARN_UNUSED_VARIABLE = YES;
				PREBINDING = NO;
				SDKROOT = macosx10.5;
			};
			name = Release;
		};
		E00B95E70F2C88F900309460 /* Debug */ = {
			isa = XCBuildConfiguration;
			buildSettings = {
				ALWAYS_SEARCH_USER_PATHS = NO;
				ARCHS = (
					i386,
					x86_64,
					ppc,
				);
				COPY_PHASE_STRIP = NO;
				FRAMEWORK_SEARCH_PATHS = "$(DEVELOPER_LIBRARY_DIR)/Frameworks";
				GCC_DYNAMIC_NO_PIC = NO;
				GCC_ENABLE_FIX_AND_CONTINUE = NO;
				GCC_ENABLE_OBJC_EXCEPTIONS = YES;
				GCC_MODEL_TUNING = G5;
				GCC_OPTIMIZATION_LEVEL = 0;
				GCC_PRECOMPILE_PREFIX_HEADER = YES;
				GCC_PREFIX_HEADER = "Core-Tests/CoreTests.pch";
				GCC_TREAT_IMPLICIT_FUNCTION_DECLARATIONS_AS_ERRORS = YES;
				GCC_TREAT_NONCONFORMANT_CODE_ERRORS_AS_WARNINGS = YES;
				GCC_TREAT_WARNINGS_AS_ERRORS = YES;
				GCC_WARN_64_TO_32_BIT_CONVERSION = YES;
				GCC_WARN_ABOUT_MISSING_NEWLINE = YES;
				GCC_WARN_ABOUT_MISSING_PROTOTYPES = YES;
				GCC_WARN_CHECK_SWITCH_STATEMENTS = YES;
				GCC_WARN_INITIALIZER_NOT_FULLY_BRACKETED = YES;
				GCC_WARN_MISSING_PARENTHESES = YES;
				GCC_WARN_PROTOTYPE_CONVERSION = YES;
				GCC_WARN_SHADOW = YES;
				GCC_WARN_SIGN_COMPARE = YES;
				GCC_WARN_UNKNOWN_PRAGMAS = YES;
				GCC_WARN_UNUSED_FUNCTION = YES;
				GCC_WARN_UNUSED_LABEL = YES;
				GCC_WARN_UNUSED_PARAMETER = YES;
				GCC_WARN_UNUSED_VALUE = YES;
				INFOPLIST_FILE = "Core-Tests/Core-Tests-Info.plist";
				INSTALL_PATH = "$(USER_LIBRARY_DIR)/Bundles";
				ONLY_ACTIVE_ARCH = NO;
				OTHER_LDFLAGS = (
					"-framework",
					Foundation,
					"-framework",
					SenTestingKit,
				);
				PREBINDING = NO;
				PRODUCT_NAME = "Core-Tests-MacOSX-10.5";
				WARNING_CFLAGS = "-Wall";
				WRAPPER_EXTENSION = octest;
			};
			name = Debug;
		};
		E00B95E80F2C88F900309460 /* Release */ = {
			isa = XCBuildConfiguration;
			buildSettings = {
				ALWAYS_SEARCH_USER_PATHS = NO;
				ARCHS = (
					i386,
					x86_64,
					ppc,
				);
				COPY_PHASE_STRIP = YES;
				DEBUG_INFORMATION_FORMAT = "dwarf-with-dsym";
				FRAMEWORK_SEARCH_PATHS = "$(DEVELOPER_LIBRARY_DIR)/Frameworks";
				GCC_ENABLE_FIX_AND_CONTINUE = NO;
				GCC_ENABLE_OBJC_EXCEPTIONS = YES;
				GCC_MODEL_TUNING = G5;
				GCC_PRECOMPILE_PREFIX_HEADER = YES;
				GCC_PREFIX_HEADER = "Core-Tests/CoreTests.pch";
				GCC_TREAT_IMPLICIT_FUNCTION_DECLARATIONS_AS_ERRORS = YES;
				GCC_TREAT_NONCONFORMANT_CODE_ERRORS_AS_WARNINGS = YES;
				GCC_TREAT_WARNINGS_AS_ERRORS = YES;
				GCC_WARN_64_TO_32_BIT_CONVERSION = YES;
				GCC_WARN_ABOUT_MISSING_NEWLINE = YES;
				GCC_WARN_ABOUT_MISSING_PROTOTYPES = YES;
				GCC_WARN_CHECK_SWITCH_STATEMENTS = YES;
				GCC_WARN_INITIALIZER_NOT_FULLY_BRACKETED = YES;
				GCC_WARN_MISSING_PARENTHESES = YES;
				GCC_WARN_PROTOTYPE_CONVERSION = YES;
				GCC_WARN_SHADOW = YES;
				GCC_WARN_SIGN_COMPARE = YES;
				GCC_WARN_UNKNOWN_PRAGMAS = YES;
				GCC_WARN_UNUSED_FUNCTION = YES;
				GCC_WARN_UNUSED_LABEL = YES;
				GCC_WARN_UNUSED_PARAMETER = YES;
				GCC_WARN_UNUSED_VALUE = YES;
				INFOPLIST_FILE = "Core-Tests/Core-Tests-Info.plist";
				INSTALL_PATH = "$(USER_LIBRARY_DIR)/Bundles";
				OTHER_LDFLAGS = (
					"-framework",
					Foundation,
					"-framework",
					SenTestingKit,
				);
				PREBINDING = NO;
				PRODUCT_NAME = "Core-Tests-MacOSX-10.5";
				WARNING_CFLAGS = "-Wall";
				WRAPPER_EXTENSION = octest;
				ZERO_LINK = NO;
			};
			name = Release;
		};
		E0EB43EA10F4B366009540E4 /* Debug */ = {
			isa = XCBuildConfiguration;
			buildSettings = {
				ALWAYS_SEARCH_USER_PATHS = NO;
				COPY_PHASE_STRIP = NO;
				FRAMEWORK_SEARCH_PATHS = "$(DEVELOPER_LIBRARY_DIR)/Frameworks";
				GCC_DYNAMIC_NO_PIC = NO;
				GCC_ENABLE_FIX_AND_CONTINUE = NO;
				GCC_ENABLE_OBJC_EXCEPTIONS = YES;
				GCC_MODEL_TUNING = G5;
				GCC_OPTIMIZATION_LEVEL = 0;
				GCC_PRECOMPILE_PREFIX_HEADER = YES;
				GCC_PREFIX_HEADER = "Core-Tests/CoreTests.pch";
				INFOPLIST_FILE = "Core-Tests/Core-Tests-Info.plist";
				INSTALL_PATH = "$(USER_LIBRARY_DIR)/Bundles";
				OTHER_LDFLAGS = (
					"-framework",
					Foundation,
					"-framework",
					SenTestingKit,
				);
				PREBINDING = NO;
				PRODUCT_NAME = "Core-Tests";
				WRAPPER_EXTENSION = octest;
			};
			name = Debug;
		};
		E0EB43EB10F4B366009540E4 /* Release */ = {
			isa = XCBuildConfiguration;
			buildSettings = {
				ALWAYS_SEARCH_USER_PATHS = NO;
				COPY_PHASE_STRIP = YES;
				DEBUG_INFORMATION_FORMAT = "dwarf-with-dsym";
				FRAMEWORK_SEARCH_PATHS = "$(DEVELOPER_LIBRARY_DIR)/Frameworks";
				GCC_ENABLE_FIX_AND_CONTINUE = NO;
				GCC_ENABLE_OBJC_EXCEPTIONS = YES;
				GCC_MODEL_TUNING = G5;
				GCC_PRECOMPILE_PREFIX_HEADER = YES;
				GCC_PREFIX_HEADER = "Core-Tests/CoreTests.pch";
				INFOPLIST_FILE = "Core-Tests/Core-Tests-Info.plist";
				INSTALL_PATH = "$(USER_LIBRARY_DIR)/Bundles";
				OTHER_LDFLAGS = (
					"-framework",
					Foundation,
					"-framework",
					SenTestingKit,
				);
				PREBINDING = NO;
				PRODUCT_NAME = "Core-Tests";
				WRAPPER_EXTENSION = octest;
				ZERO_LINK = NO;
			};
			name = Release;
		};
/* End XCBuildConfiguration section */

/* Begin XCConfigurationList section */
		C01FCF4E08A954540054247B /* Build configuration list for PBXProject "LibComponentLogging-Core" */ = {
			isa = XCConfigurationList;
			buildConfigurations = (
				C01FCF4F08A954540054247B /* Debug */,
				C01FCF5008A954540054247B /* Release */,
			);
			defaultConfigurationIsVisible = 0;
			defaultConfigurationName = Release;
		};
		E00B95E90F2C88F900309460 /* Build configuration list for PBXNativeTarget "Core-Tests-MacOSX-10.5" */ = {
			isa = XCConfigurationList;
			buildConfigurations = (
				E00B95E70F2C88F900309460 /* Debug */,
				E00B95E80F2C88F900309460 /* Release */,
			);
			defaultConfigurationIsVisible = 0;
			defaultConfigurationName = Release;
		};
		E0EB43EC10F4B366009540E4 /* Build configuration list for PBXNativeTarget "Core-Tests" */ = {
			isa = XCConfigurationList;
			buildConfigurations = (
				E0EB43EA10F4B366009540E4 /* Debug */,
				E0EB43EB10F4B366009540E4 /* Release */,
			);
			defaultConfigurationIsVisible = 0;
			defaultConfigurationName = Release;
		};
/* End XCConfigurationList section */
	};
	rootObject = 29B97313FDCFA39411CA2CEA /* Project object */;
}
