// !$*UTF8*$!
{
	archiveVersion = 1;
	classes = {
	};
	objectVersion = 46;
	objects = {

/* Begin PBXBuildFile section */
		E00C11C0144B29C800A3488C /* lcl.m in Sources */ = {isa = PBXBuildFile; fileRef = E0EB42DE10F4ABB4009540E4 /* lcl.m */; };
		E00C11C1144B29C800A3488C /* CoreTestsLogger.m in Sources */ = {isa = PBXBuildFile; fileRef = E09F2CBB10F4B82400246AAA /* CoreTestsLogger.m */; };
		E00C11C2144B29C800A3488C /* CoreTestsLoggingTests.m in Sources */ = {isa = PBXBuildFile; fileRef = E0303DEC10F4D26B0032A42B /* CoreTestsLoggingTests.m */; };
		E00C11C3144B29C800A3488C /* CoreTestsLogLevelsTests.m in Sources */ = {isa = PBXBuildFile; fileRef = E0303E5710F4DDF60032A42B /* CoreTestsLogLevelsTests.m */; };
		E00C11C4144B29C800A3488C /* CoreTestsLogComponentsTests.m in Sources */ = {isa = PBXBuildFile; fileRef = E0303E6610F4DEF60032A42B /* CoreTestsLogComponentsTests.m */; };
		E00C11C5144B29C800A3488C /* CoreTestsCustomLogMacrosTests.m in Sources */ = {isa = PBXBuildFile; fileRef = E0303E8210F4E15C0032A42B /* CoreTestsCustomLogMacrosTests.m */; };
		E00C11C6144B29C800A3488C /* CoreTestsConfigureTests.m in Sources */ = {isa = PBXBuildFile; fileRef = E0303EC410F4E9CF0032A42B /* CoreTestsConfigureTests.m */; };
		E00C11C7144B29C800A3488C /* CoreTestsInformationTests.m in Sources */ = {isa = PBXBuildFile; fileRef = E013FA5E1118A6D1003A58EA /* CoreTestsInformationTests.m */; };
		E00C11C8144B29C800A3488C /* CoreTestsObjectiveCPlusPlus.mm in Sources */ = {isa = PBXBuildFile; fileRef = E0F11FCA1270B78E00877F8B /* CoreTestsObjectiveCPlusPlus.mm */; };
		E013FA5F1118A6D1003A58EA /* CoreTestsInformationTests.m in Sources */ = {isa = PBXBuildFile; fileRef = E013FA5E1118A6D1003A58EA /* CoreTestsInformationTests.m */; };
		E013FA601118A6D1003A58EA /* CoreTestsInformationTests.m in Sources */ = {isa = PBXBuildFile; fileRef = E013FA5E1118A6D1003A58EA /* CoreTestsInformationTests.m */; };
		E013FA611118A6D1003A58EA /* CoreTestsInformationTests.m in Sources */ = {isa = PBXBuildFile; fileRef = E013FA5E1118A6D1003A58EA /* CoreTestsInformationTests.m */; };
		E013FA941118AC3E003A58EA /* CoreTestsNoLoggingTests.m in Sources */ = {isa = PBXBuildFile; fileRef = E013FA931118AC3E003A58EA /* CoreTestsNoLoggingTests.m */; };
		E0303DED10F4D26B0032A42B /* CoreTestsLoggingTests.m in Sources */ = {isa = PBXBuildFile; fileRef = E0303DEC10F4D26B0032A42B /* CoreTestsLoggingTests.m */; };
		E0303E3F10F4DC960032A42B /* CoreTestsLoggingTests.m in Sources */ = {isa = PBXBuildFile; fileRef = E0303DEC10F4D26B0032A42B /* CoreTestsLoggingTests.m */; };
		E0303E4510F4DCB50032A42B /* CoreTestsLogger.m in Sources */ = {isa = PBXBuildFile; fileRef = E09F2CBB10F4B82400246AAA /* CoreTestsLogger.m */; };
		E0303E5810F4DDF60032A42B /* CoreTestsLogLevelsTests.m in Sources */ = {isa = PBXBuildFile; fileRef = E0303E5710F4DDF60032A42B /* CoreTestsLogLevelsTests.m */; };
		E0303E5910F4DDF60032A42B /* CoreTestsLogLevelsTests.m in Sources */ = {isa = PBXBuildFile; fileRef = E0303E5710F4DDF60032A42B /* CoreTestsLogLevelsTests.m */; };
		E0303E6710F4DEF60032A42B /* CoreTestsLogComponentsTests.m in Sources */ = {isa = PBXBuildFile; fileRef = E0303E6610F4DEF60032A42B /* CoreTestsLogComponentsTests.m */; };
		E0303E6810F4DEF60032A42B /* CoreTestsLogComponentsTests.m in Sources */ = {isa = PBXBuildFile; fileRef = E0303E6610F4DEF60032A42B /* CoreTestsLogComponentsTests.m */; };
		E0303E8310F4E15C0032A42B /* CoreTestsCustomLogMacrosTests.m in Sources */ = {isa = PBXBuildFile; fileRef = E0303E8210F4E15C0032A42B /* CoreTestsCustomLogMacrosTests.m */; };
		E0303E8410F4E15C0032A42B /* CoreTestsCustomLogMacrosTests.m in Sources */ = {isa = PBXBuildFile; fileRef = E0303E8210F4E15C0032A42B /* CoreTestsCustomLogMacrosTests.m */; };
		E0303EC510F4E9CF0032A42B /* CoreTestsConfigureTests.m in Sources */ = {isa = PBXBuildFile; fileRef = E0303EC410F4E9CF0032A42B /* CoreTestsConfigureTests.m */; };
		E0303EC610F4E9CF0032A42B /* CoreTestsConfigureTests.m in Sources */ = {isa = PBXBuildFile; fileRef = E0303EC410F4E9CF0032A42B /* CoreTestsConfigureTests.m */; };
		E03C9EB810F65B3A0090E09B /* lcl.m in Sources */ = {isa = PBXBuildFile; fileRef = E0EB42DE10F4ABB4009540E4 /* lcl.m */; };
		E03C9EB910F65B3A0090E09B /* CoreTestsLogger.m in Sources */ = {isa = PBXBuildFile; fileRef = E09F2CBB10F4B82400246AAA /* CoreTestsLogger.m */; };
		E03C9EBA10F65B3A0090E09B /* CoreTestsLoggingTests.m in Sources */ = {isa = PBXBuildFile; fileRef = E0303DEC10F4D26B0032A42B /* CoreTestsLoggingTests.m */; };
		E03C9EBB10F65B3A0090E09B /* CoreTestsLogLevelsTests.m in Sources */ = {isa = PBXBuildFile; fileRef = E0303E5710F4DDF60032A42B /* CoreTestsLogLevelsTests.m */; };
		E03C9EBC10F65B3A0090E09B /* CoreTestsLogComponentsTests.m in Sources */ = {isa = PBXBuildFile; fileRef = E0303E6610F4DEF60032A42B /* CoreTestsLogComponentsTests.m */; };
		E03C9EBD10F65B3A0090E09B /* CoreTestsCustomLogMacrosTests.m in Sources */ = {isa = PBXBuildFile; fileRef = E0303E8210F4E15C0032A42B /* CoreTestsCustomLogMacrosTests.m */; };
		E03C9EBE10F65B3A0090E09B /* CoreTestsConfigureTests.m in Sources */ = {isa = PBXBuildFile; fileRef = E0303EC410F4E9CF0032A42B /* CoreTestsConfigureTests.m */; };
		E05D5645111614DE00E7E36E /* lcl.m in Sources */ = {isa = PBXBuildFile; fileRef = E0EB42DE10F4ABB4009540E4 /* lcl.m */; };
		E05D56571116153200E7E36E /* CoreTestsTemplatesTests.m in Sources */ = {isa = PBXBuildFile; fileRef = E05D56561116153200E7E36E /* CoreTestsTemplatesTests.m */; };
		E076A71015D7B3A100115B6E /* CoreTestsNoLoggerTests.m in Sources */ = {isa = PBXBuildFile; fileRef = E076A70E15D7B37600115B6E /* CoreTestsNoLoggerTests.m */; };
		E076A71115D7B3A500115B6E /* CoreTestsNoLoggerTests.m in Sources */ = {isa = PBXBuildFile; fileRef = E076A70E15D7B37600115B6E /* CoreTestsNoLoggerTests.m */; };
		E0861D60144B2ADA00A5B70C /* lcl.m in Sources */ = {isa = PBXBuildFile; fileRef = E0EB42DE10F4ABB4009540E4 /* lcl.m */; };
		E0861D61144B2ADA00A5B70C /* CoreTestsTemplatesTests.m in Sources */ = {isa = PBXBuildFile; fileRef = E05D56561116153200E7E36E /* CoreTestsTemplatesTests.m */; };
		E0919D1715D7B1980009D434 /* lcl.m in Sources */ = {isa = PBXBuildFile; fileRef = E0EB42DE10F4ABB4009540E4 /* lcl.m */; };
		E0919D2415D7B20E0009D434 /* lcl.m in Sources */ = {isa = PBXBuildFile; fileRef = E0EB42DE10F4ABB4009540E4 /* lcl.m */; };
		E09F2CBC10F4B82400246AAA /* CoreTestsLogger.m in Sources */ = {isa = PBXBuildFile; fileRef = E09F2CBB10F4B82400246AAA /* CoreTestsLogger.m */; };
		E0A222B113EDB997002D1D94 /* CoreTestsSyntaxTests.m in Sources */ = {isa = PBXBuildFile; fileRef = E0A222B013EDB997002D1D94 /* CoreTestsSyntaxTests.m */; };
		E0A222B413EDBB87002D1D94 /* CoreTestsNoLoggingSyntaxTests.m in Sources */ = {isa = PBXBuildFile; fileRef = E0A222B313EDBB87002D1D94 /* CoreTestsNoLoggingSyntaxTests.m */; };
		E0C394B615D7A9390070B99C /* lcl.m in Sources */ = {isa = PBXBuildFile; fileRef = E0EB42DE10F4ABB4009540E4 /* lcl.m */; };
		E0C394B715D7A9390070B99C /* CoreTestsLogger.m in Sources */ = {isa = PBXBuildFile; fileRef = E09F2CBB10F4B82400246AAA /* CoreTestsLogger.m */; };
		E0C394B815D7A9390070B99C /* CoreTestsLoggingTests.m in Sources */ = {isa = PBXBuildFile; fileRef = E0303DEC10F4D26B0032A42B /* CoreTestsLoggingTests.m */; };
		E0C394B915D7A9390070B99C /* CoreTestsLogLevelsTests.m in Sources */ = {isa = PBXBuildFile; fileRef = E0303E5710F4DDF60032A42B /* CoreTestsLogLevelsTests.m */; };
		E0C394BA15D7A9390070B99C /* CoreTestsLogComponentsTests.m in Sources */ = {isa = PBXBuildFile; fileRef = E0303E6610F4DEF60032A42B /* CoreTestsLogComponentsTests.m */; };
		E0C394BB15D7A9390070B99C /* CoreTestsCustomLogMacrosTests.m in Sources */ = {isa = PBXBuildFile; fileRef = E0303E8210F4E15C0032A42B /* CoreTestsCustomLogMacrosTests.m */; };
		E0C394BC15D7A9390070B99C /* CoreTestsConfigureTests.m in Sources */ = {isa = PBXBuildFile; fileRef = E0303EC410F4E9CF0032A42B /* CoreTestsConfigureTests.m */; };
		E0C394BD15D7A9390070B99C /* CoreTestsInformationTests.m in Sources */ = {isa = PBXBuildFile; fileRef = E013FA5E1118A6D1003A58EA /* CoreTestsInformationTests.m */; };
		E0C394BE15D7A9390070B99C /* CoreTestsObjectiveCPlusPlus.mm in Sources */ = {isa = PBXBuildFile; fileRef = E0F11FCA1270B78E00877F8B /* CoreTestsObjectiveCPlusPlus.mm */; };
		E0EB42DF10F4ABB4009540E4 /* lcl.m in Sources */ = {isa = PBXBuildFile; fileRef = E0EB42DE10F4ABB4009540E4 /* lcl.m */; };
		E0EB440510F4B3C6009540E4 /* lcl.m in Sources */ = {isa = PBXBuildFile; fileRef = E0EB42DE10F4ABB4009540E4 /* lcl.m */; };
		E0F11FCB1270B78E00877F8B /* CoreTestsObjectiveCPlusPlus.mm in Sources */ = {isa = PBXBuildFile; fileRef = E0F11FCA1270B78E00877F8B /* CoreTestsObjectiveCPlusPlus.mm */; };
		E0F11FCC1270B78E00877F8B /* CoreTestsObjectiveCPlusPlus.mm in Sources */ = {isa = PBXBuildFile; fileRef = E0F11FCA1270B78E00877F8B /* CoreTestsObjectiveCPlusPlus.mm */; };
		E0F11FCD1270B78E00877F8B /* CoreTestsObjectiveCPlusPlus.mm in Sources */ = {isa = PBXBuildFile; fileRef = E0F11FCA1270B78E00877F8B /* CoreTestsObjectiveCPlusPlus.mm */; };
/* End PBXBuildFile section */

/* Begin PBXContainerItemProxy section */
		E00C11D2144B2A3E00A3488C /* PBXContainerItemProxy */ = {
			isa = PBXContainerItemProxy;
			containerPortal = 29B97313FDCFA39411CA2CEA /* Project object */;
			proxyType = 1;
			remoteGlobalIDString = E00C11BD144B29C800A3488C;
			remoteInfo = "Core-Tests-MacOSX-ARC";
		};
		E05D56681116165700E7E36E /* PBXContainerItemProxy */ = {
			isa = PBXContainerItemProxy;
			containerPortal = 29B97313FDCFA39411CA2CEA /* Project object */;
			proxyType = 1;
			remoteGlobalIDString = E05D5642111614DE00E7E36E;
			remoteInfo = "Core-Tests-Templates";
		};
		E0861D6A144B2AFD00A5B70C /* PBXContainerItemProxy */ = {
			isa = PBXContainerItemProxy;
			containerPortal = 29B97313FDCFA39411CA2CEA /* Project object */;
			proxyType = 1;
			remoteGlobalIDString = E0861D5D144B2ADA00A5B70C;
			remoteInfo = "Core-Tests-Templates-ARC";
		};
		E0919D2D15D7B2530009D434 /* PBXContainerItemProxy */ = {
			isa = PBXContainerItemProxy;
			containerPortal = 29B97313FDCFA39411CA2CEA /* Project object */;
			proxyType = 1;
			remoteGlobalIDString = E0919D1415D7B1980009D434;
			remoteInfo = "Core-Tests-NoLogger";
		};
		E0919D2F15D7B2550009D434 /* PBXContainerItemProxy */ = {
			isa = PBXContainerItemProxy;
			containerPortal = 29B97313FDCFA39411CA2CEA /* Project object */;
			proxyType = 1;
			remoteGlobalIDString = E0919D2115D7B20E0009D434;
			remoteInfo = "Core-Tests-NoLogger-ARC";
		};
		E0C394C815D7A9630070B99C /* PBXContainerItemProxy */ = {
			isa = PBXContainerItemProxy;
			containerPortal = 29B97313FDCFA39411CA2CEA /* Project object */;
			proxyType = 1;
			remoteGlobalIDString = E0C394B315D7A9390070B99C;
			remoteInfo = "Core-Tests-Warnings";
		};
		E0EB43F110F4B371009540E4 /* PBXContainerItemProxy */ = {
			isa = PBXContainerItemProxy;
			containerPortal = 29B97313FDCFA39411CA2CEA /* Project object */;
			proxyType = 1;
			remoteGlobalIDString = E00B95E40F2C88F800309460;
			remoteInfo = "Core-Tests-MacOSX-10.5";
		};
/* End PBXContainerItemProxy section */

/* Begin PBXFileReference section */
		E00C11CF144B29C800A3488C /* Core-Tests-MacOSX-ARC.octest */ = {isa = PBXFileReference; explicitFileType = wrapper.cfbundle; includeInIndex = 0; path = "Core-Tests-MacOSX-ARC.octest"; sourceTree = BUILT_PRODUCTS_DIR; };
		E013FA5E1118A6D1003A58EA /* CoreTestsInformationTests.m */ = {isa = PBXFileReference; fileEncoding = 4; lastKnownFileType = sourcecode.c.objc; name = CoreTestsInformationTests.m; path = "Core-Tests/CoreTestsInformationTests.m"; sourceTree = "<group>"; };
		E013FA931118AC3E003A58EA /* CoreTestsNoLoggingTests.m */ = {isa = PBXFileReference; fileEncoding = 4; lastKnownFileType = sourcecode.c.objc; name = CoreTestsNoLoggingTests.m; path = "Core-Tests/CoreTestsNoLoggingTests.m"; sourceTree = "<group>"; };
		E0303DEC10F4D26B0032A42B /* CoreTestsLoggingTests.m */ = {isa = PBXFileReference; fileEncoding = 4; lastKnownFileType = sourcecode.c.objc; name = CoreTestsLoggingTests.m; path = "Core-Tests/CoreTestsLoggingTests.m"; sourceTree = "<group>"; };
		E0303E5710F4DDF60032A42B /* CoreTestsLogLevelsTests.m */ = {isa = PBXFileReference; fileEncoding = 4; lastKnownFileType = sourcecode.c.objc; name = CoreTestsLogLevelsTests.m; path = "Core-Tests/CoreTestsLogLevelsTests.m"; sourceTree = "<group>"; };
		E0303E6610F4DEF60032A42B /* CoreTestsLogComponentsTests.m */ = {isa = PBXFileReference; fileEncoding = 4; lastKnownFileType = sourcecode.c.objc; name = CoreTestsLogComponentsTests.m; path = "Core-Tests/CoreTestsLogComponentsTests.m"; sourceTree = "<group>"; };
		E0303E8210F4E15C0032A42B /* CoreTestsCustomLogMacrosTests.m */ = {isa = PBXFileReference; fileEncoding = 4; lastKnownFileType = sourcecode.c.objc; name = CoreTestsCustomLogMacrosTests.m; path = "Core-Tests/CoreTestsCustomLogMacrosTests.m"; sourceTree = "<group>"; };
		E0303EC410F4E9CF0032A42B /* CoreTestsConfigureTests.m */ = {isa = PBXFileReference; fileEncoding = 4; lastKnownFileType = sourcecode.c.objc; name = CoreTestsConfigureTests.m; path = "Core-Tests/CoreTestsConfigureTests.m"; sourceTree = "<group>"; };
		E05D56561116153200E7E36E /* CoreTestsTemplatesTests.m */ = {isa = PBXFileReference; fileEncoding = 4; lastKnownFileType = sourcecode.c.objc; name = CoreTestsTemplatesTests.m; path = "Core-Tests/CoreTestsTemplatesTests.m"; sourceTree = "<group>"; };
		E076A70E15D7B37600115B6E /* CoreTestsNoLoggerTests.m */ = {isa = PBXFileReference; fileEncoding = 4; lastKnownFileType = sourcecode.c.objc; name = CoreTestsNoLoggerTests.m; path = "Core-Tests/CoreTestsNoLoggerTests.m"; sourceTree = "<group>"; };
		E0861D68144B2ADA00A5B70C /* Core-Tests-Templates-ARC.octest */ = {isa = PBXFileReference; explicitFileType = wrapper.cfbundle; includeInIndex = 0; path = "Core-Tests-Templates-ARC.octest"; sourceTree = BUILT_PRODUCTS_DIR; };
		E0919D1E15D7B1980009D434 /* Core-Tests-NoLogger.octest */ = {isa = PBXFileReference; explicitFileType = wrapper.cfbundle; includeInIndex = 0; path = "Core-Tests-NoLogger.octest"; sourceTree = BUILT_PRODUCTS_DIR; };
		E0919D2B15D7B20E0009D434 /* Core-Tests-NoLogger-ARC.octest */ = {isa = PBXFileReference; explicitFileType = wrapper.cfbundle; includeInIndex = 0; path = "Core-Tests-NoLogger-ARC.octest"; sourceTree = BUILT_PRODUCTS_DIR; };
		E09F2CAE10F4B75E00246AAA /* CoreTests.pch */ = {isa = PBXFileReference; fileEncoding = 4; lastKnownFileType = sourcecode.c.h; name = CoreTests.pch; path = "Core-Tests/CoreTests.pch"; sourceTree = "<group>"; };
		E09F2CBA10F4B82400246AAA /* CoreTestsLogger.h */ = {isa = PBXFileReference; fileEncoding = 4; lastKnownFileType = sourcecode.c.h; name = CoreTestsLogger.h; path = "Core-Tests/CoreTestsLogger.h"; sourceTree = "<group>"; };
		E09F2CBB10F4B82400246AAA /* CoreTestsLogger.m */ = {isa = PBXFileReference; fileEncoding = 4; lastKnownFileType = sourcecode.c.objc; name = CoreTestsLogger.m; path = "Core-Tests/CoreTestsLogger.m"; sourceTree = "<group>"; };
		E0A222B013EDB997002D1D94 /* CoreTestsSyntaxTests.m */ = {isa = PBXFileReference; fileEncoding = 4; lastKnownFileType = sourcecode.c.objc; name = CoreTestsSyntaxTests.m; path = "Core-Tests/CoreTestsSyntaxTests.m"; sourceTree = "<group>"; };
		E0A222B313EDBB87002D1D94 /* CoreTestsNoLoggingSyntaxTests.m */ = {isa = PBXFileReference; fileEncoding = 4; lastKnownFileType = sourcecode.c.objc; name = CoreTestsNoLoggingSyntaxTests.m; path = "Core-Tests/CoreTestsNoLoggingSyntaxTests.m"; sourceTree = "<group>"; };
		E0A6310D1114D5B700E42352 /* README.md */ = {isa = PBXFileReference; fileEncoding = 4; lastKnownFileType = text; name = README.md; path = ../README.md; sourceTree = SOURCE_ROOT; };
		E0B4803813A518E500130E13 /* Core-Tests-MacOSX.octest */ = {isa = PBXFileReference; explicitFileType = wrapper.cfbundle; includeInIndex = 0; path = "Core-Tests-MacOSX.octest"; sourceTree = BUILT_PRODUCTS_DIR; };
		E0B4803913A5192800130E13 /* Core-Tests-iPhoneOS.octest */ = {isa = PBXFileReference; explicitFileType = wrapper.cfbundle; includeInIndex = 0; path = "Core-Tests-iPhoneOS.octest"; sourceTree = BUILT_PRODUCTS_DIR; };
		E0B4803A13A5194500130E13 /* Core-Tests-Templates.octest */ = {isa = PBXFileReference; explicitFileType = wrapper.cfbundle; includeInIndex = 0; path = "Core-Tests-Templates.octest"; sourceTree = BUILT_PRODUCTS_DIR; };
		E0B4803B13A51ABB00130E13 /* Core-Tests.octest */ = {isa = PBXFileReference; explicitFileType = wrapper.cfbundle; includeInIndex = 0; path = "Core-Tests.octest"; sourceTree = BUILT_PRODUCTS_DIR; };
		E0C394C715D7A9480070B99C /* Core-Tests-Warnings.octest */ = {isa = PBXFileReference; explicitFileType = wrapper.cfbundle; includeInIndex = 0; path = "Core-Tests-Warnings.octest"; sourceTree = BUILT_PRODUCTS_DIR; };
		E0EB42DB10F4ABB4009540E4 /* lcl_config_components.template.h */ = {isa = PBXFileReference; fileEncoding = 4; lastKnownFileType = sourcecode.c.h; name = lcl_config_components.template.h; path = ../lcl_config_components.template.h; sourceTree = SOURCE_ROOT; };
		E0EB42DC10F4ABB4009540E4 /* lcl_config_logger.template.h */ = {isa = PBXFileReference; fileEncoding = 4; lastKnownFileType = sourcecode.c.h; name = lcl_config_logger.template.h; path = ../lcl_config_logger.template.h; sourceTree = SOURCE_ROOT; };
		E0EB42DD10F4ABB4009540E4 /* lcl.h */ = {isa = PBXFileReference; fileEncoding = 4; lastKnownFileType = sourcecode.c.h; name = lcl.h; path = ../lcl.h; sourceTree = SOURCE_ROOT; };
		E0EB42DE10F4ABB4009540E4 /* lcl.m */ = {isa = PBXFileReference; fileEncoding = 4; lastKnownFileType = sourcecode.c.objc; name = lcl.m; path = ../lcl.m; sourceTree = SOURCE_ROOT; };
		E0EB42FF10F4ACEF009540E4 /* lcl_config_components.h */ = {isa = PBXFileReference; fileEncoding = 4; lastKnownFileType = sourcecode.c.h; name = lcl_config_components.h; path = "Core-Tests/lcl_config_components.h"; sourceTree = "<group>"; };
		E0EB430010F4ACEF009540E4 /* lcl_config_logger.h */ = {isa = PBXFileReference; fileEncoding = 4; lastKnownFileType = sourcecode.c.h; name = lcl_config_logger.h; path = "Core-Tests/lcl_config_logger.h"; sourceTree = "<group>"; };
		E0EB43A810F4B1EB009540E4 /* Core-Tests-Info.plist */ = {isa = PBXFileReference; fileEncoding = 4; lastKnownFileType = text.plist.xml; name = "Core-Tests-Info.plist"; path = "Core-Tests/Core-Tests-Info.plist"; sourceTree = "<group>"; };
		E0F11FCA1270B78E00877F8B /* CoreTestsObjectiveCPlusPlus.mm */ = {isa = PBXFileReference; fileEncoding = 4; lastKnownFileType = sourcecode.cpp.objcpp; name = CoreTestsObjectiveCPlusPlus.mm; path = "Core-Tests/CoreTestsObjectiveCPlusPlus.mm"; sourceTree = "<group>"; };
		E0F6E48910F693B700CC544C /* lcl_config_extensions.template.h */ = {isa = PBXFileReference; fileEncoding = 4; lastKnownFileType = sourcecode.c.h; name = lcl_config_extensions.template.h; path = ../lcl_config_extensions.template.h; sourceTree = SOURCE_ROOT; };
		E0F6E49710F693F600CC544C /* lcl_config_extensions.h */ = {isa = PBXFileReference; fileEncoding = 4; lastKnownFileType = sourcecode.c.h; name = lcl_config_extensions.h; path = "Core-Tests/lcl_config_extensions.h"; sourceTree = "<group>"; };
/* End PBXFileReference section */

/* Begin PBXFrameworksBuildPhase section */
		E00B95E20F2C88F800309460 /* Frameworks */ = {
			isa = PBXFrameworksBuildPhase;
			buildActionMask = 2147483647;
			files = (
			);
			runOnlyForDeploymentPostprocessing = 0;
		};
		E00C11CA144B29C800A3488C /* Frameworks */ = {
			isa = PBXFrameworksBuildPhase;
			buildActionMask = 2147483647;
			files = (
			);
			runOnlyForDeploymentPostprocessing = 0;
		};
		E03C9EBF10F65B3A0090E09B /* Frameworks */ = {
			isa = PBXFrameworksBuildPhase;
			buildActionMask = 2147483647;
			files = (
			);
			runOnlyForDeploymentPostprocessing = 0;
		};
		E05D564C111614DE00E7E36E /* Frameworks */ = {
			isa = PBXFrameworksBuildPhase;
			buildActionMask = 2147483647;
			files = (
			);
			runOnlyForDeploymentPostprocessing = 0;
		};
		E0861D63144B2ADA00A5B70C /* Frameworks */ = {
			isa = PBXFrameworksBuildPhase;
			buildActionMask = 2147483647;
			files = (
			);
			runOnlyForDeploymentPostprocessing = 0;
		};
		E0919D1915D7B1980009D434 /* Frameworks */ = {
			isa = PBXFrameworksBuildPhase;
			buildActionMask = 2147483647;
			files = (
			);
			runOnlyForDeploymentPostprocessing = 0;
		};
		E0919D2615D7B20E0009D434 /* Frameworks */ = {
			isa = PBXFrameworksBuildPhase;
			buildActionMask = 2147483647;
			files = (
			);
			runOnlyForDeploymentPostprocessing = 0;
		};
		E0C394BF15D7A9390070B99C /* Frameworks */ = {
			isa = PBXFrameworksBuildPhase;
			buildActionMask = 2147483647;
			files = (
			);
			runOnlyForDeploymentPostprocessing = 0;
		};
		E0EB43E510F4B365009540E4 /* Frameworks */ = {
			isa = PBXFrameworksBuildPhase;
			buildActionMask = 2147483647;
			files = (
			);
			runOnlyForDeploymentPostprocessing = 0;
		};
/* End PBXFrameworksBuildPhase section */

/* Begin PBXGroup section */
		29B97314FDCFA39411CA2CEA /* Core */ = {
			isa = PBXGroup;
			children = (
				E0A6310D1114D5B700E42352 /* README.md */,
				E0E417970F2128750036D6FD /* Core */,
				E0EB42E310F4ABE9009540E4 /* Core-Tests */,
				E0B4803B13A51ABB00130E13 /* Core-Tests.octest */,
				E0B4803813A518E500130E13 /* Core-Tests-MacOSX.octest */,
				E00C11CF144B29C800A3488C /* Core-Tests-MacOSX-ARC.octest */,
				E0B4803913A5192800130E13 /* Core-Tests-iPhoneOS.octest */,
				E0B4803A13A5194500130E13 /* Core-Tests-Templates.octest */,
				E0861D68144B2ADA00A5B70C /* Core-Tests-Templates-ARC.octest */,
				E0C394C715D7A9480070B99C /* Core-Tests-Warnings.octest */,
				E0919D1E15D7B1980009D434 /* Core-Tests-NoLogger.octest */,
				E0919D2B15D7B20E0009D434 /* Core-Tests-NoLogger-ARC.octest */,
			);
			name = Core;
			sourceTree = "<group>";
		};
		E0E417970F2128750036D6FD /* Core */ = {
			isa = PBXGroup;
			children = (
				E0EB42DD10F4ABB4009540E4 /* lcl.h */,
				E0EB42DE10F4ABB4009540E4 /* lcl.m */,
				E0EB42DB10F4ABB4009540E4 /* lcl_config_components.template.h */,
				E0EB42DC10F4ABB4009540E4 /* lcl_config_logger.template.h */,
				E0F6E48910F693B700CC544C /* lcl_config_extensions.template.h */,
			);
			name = Core;
			sourceTree = "<group>";
		};
		E0EB42E310F4ABE9009540E4 /* Core-Tests */ = {
			isa = PBXGroup;
			children = (
				E0EB42FF10F4ACEF009540E4 /* lcl_config_components.h */,
				E0EB430010F4ACEF009540E4 /* lcl_config_logger.h */,
				E0F6E49710F693F600CC544C /* lcl_config_extensions.h */,
				E09F2CAE10F4B75E00246AAA /* CoreTests.pch */,
				E0EB43A810F4B1EB009540E4 /* Core-Tests-Info.plist */,
				E09F2CBA10F4B82400246AAA /* CoreTestsLogger.h */,
				E09F2CBB10F4B82400246AAA /* CoreTestsLogger.m */,
				E0303EC410F4E9CF0032A42B /* CoreTestsConfigureTests.m */,
				E0303DEC10F4D26B0032A42B /* CoreTestsLoggingTests.m */,
				E013FA931118AC3E003A58EA /* CoreTestsNoLoggingTests.m */,
				E0303E5710F4DDF60032A42B /* CoreTestsLogLevelsTests.m */,
				E0303E6610F4DEF60032A42B /* CoreTestsLogComponentsTests.m */,
				E013FA5E1118A6D1003A58EA /* CoreTestsInformationTests.m */,
				E0303E8210F4E15C0032A42B /* CoreTestsCustomLogMacrosTests.m */,
				E05D56561116153200E7E36E /* CoreTestsTemplatesTests.m */,
				E0F11FCA1270B78E00877F8B /* CoreTestsObjectiveCPlusPlus.mm */,
				E0A222B013EDB997002D1D94 /* CoreTestsSyntaxTests.m */,
				E0A222B313EDBB87002D1D94 /* CoreTestsNoLoggingSyntaxTests.m */,
				E076A70E15D7B37600115B6E /* CoreTestsNoLoggerTests.m */,
			);
			name = "Core-Tests";
			sourceTree = "<group>";
		};
/* End PBXGroup section */

/* Begin PBXNativeTarget section */
		E00B95E40F2C88F800309460 /* Core-Tests-MacOSX */ = {
			isa = PBXNativeTarget;
			buildConfigurationList = E00B95E90F2C88F900309460 /* Build configuration list for PBXNativeTarget "Core-Tests-MacOSX" */;
			buildPhases = (
				E00B95E00F2C88F800309460 /* Resources */,
				E00B95E10F2C88F800309460 /* Sources */,
				E00B95E20F2C88F800309460 /* Frameworks */,
				E00B95E30F2C88F800309460 /* ShellScript */,
			);
			buildRules = (
			);
			dependencies = (
			);
			name = "Core-Tests-MacOSX";
			productName = Tests;
			productReference = E0B4803813A518E500130E13 /* Core-Tests-MacOSX.octest */;
			productType = "com.apple.product-type.bundle";
		};
		E00C11BD144B29C800A3488C /* Core-Tests-MacOSX-ARC */ = {
			isa = PBXNativeTarget;
			buildConfigurationList = E00C11CC144B29C800A3488C /* Build configuration list for PBXNativeTarget "Core-Tests-MacOSX-ARC" */;
			buildPhases = (
				E00C11BE144B29C800A3488C /* Resources */,
				E00C11BF144B29C800A3488C /* Sources */,
				E00C11CA144B29C800A3488C /* Frameworks */,
				E00C11CB144B29C800A3488C /* ShellScript */,
			);
			buildRules = (
			);
			dependencies = (
			);
			name = "Core-Tests-MacOSX-ARC";
			productName = Tests;
			productReference = E00C11CF144B29C800A3488C /* Core-Tests-MacOSX-ARC.octest */;
			productType = "com.apple.product-type.bundle";
		};
		E03C9EB510F65B3A0090E09B /* Core-Tests-iPhoneOS */ = {
			isa = PBXNativeTarget;
			buildConfigurationList = E03C9EC110F65B3A0090E09B /* Build configuration list for PBXNativeTarget "Core-Tests-iPhoneOS" */;
			buildPhases = (
				E03C9EB610F65B3A0090E09B /* Resources */,
				E03C9EB710F65B3A0090E09B /* Sources */,
				E03C9EBF10F65B3A0090E09B /* Frameworks */,
				E03C9EC010F65B3A0090E09B /* ShellScript */,
			);
			buildRules = (
			);
			dependencies = (
			);
			name = "Core-Tests-iPhoneOS";
			productName = Tests;
			productReference = E0B4803913A5192800130E13 /* Core-Tests-iPhoneOS.octest */;
			productType = "com.apple.product-type.bundle";
		};
		E05D5642111614DE00E7E36E /* Core-Tests-Templates */ = {
			isa = PBXNativeTarget;
			buildConfigurationList = E05D564E111614DE00E7E36E /* Build configuration list for PBXNativeTarget "Core-Tests-Templates" */;
			buildPhases = (
				E05D5643111614DE00E7E36E /* Resources */,
				E05D5644111614DE00E7E36E /* Sources */,
				E05D564C111614DE00E7E36E /* Frameworks */,
				E05D564D111614DE00E7E36E /* ShellScript */,
			);
			buildRules = (
			);
			dependencies = (
			);
			name = "Core-Tests-Templates";
			productName = Tests;
			productReference = E0B4803A13A5194500130E13 /* Core-Tests-Templates.octest */;
			productType = "com.apple.product-type.bundle";
		};
		E0861D5D144B2ADA00A5B70C /* Core-Tests-Templates-ARC */ = {
			isa = PBXNativeTarget;
			buildConfigurationList = E0861D65144B2ADA00A5B70C /* Build configuration list for PBXNativeTarget "Core-Tests-Templates-ARC" */;
			buildPhases = (
				E0861D5E144B2ADA00A5B70C /* Resources */,
				E0861D5F144B2ADA00A5B70C /* Sources */,
				E0861D63144B2ADA00A5B70C /* Frameworks */,
				E0861D64144B2ADA00A5B70C /* ShellScript */,
			);
			buildRules = (
			);
			dependencies = (
			);
			name = "Core-Tests-Templates-ARC";
			productName = Tests;
			productReference = E0861D68144B2ADA00A5B70C /* Core-Tests-Templates-ARC.octest */;
			productType = "com.apple.product-type.bundle";
		};
		E0919D1415D7B1980009D434 /* Core-Tests-NoLogger */ = {
			isa = PBXNativeTarget;
			buildConfigurationList = E0919D1B15D7B1980009D434 /* Build configuration list for PBXNativeTarget "Core-Tests-NoLogger" */;
			buildPhases = (
				E0919D1515D7B1980009D434 /* Resources */,
				E0919D1615D7B1980009D434 /* Sources */,
				E0919D1915D7B1980009D434 /* Frameworks */,
				E0919D1A15D7B1980009D434 /* ShellScript */,
			);
			buildRules = (
			);
			dependencies = (
			);
			name = "Core-Tests-NoLogger";
			productName = Tests;
			productReference = E0919D1E15D7B1980009D434 /* Core-Tests-NoLogger.octest */;
			productType = "com.apple.product-type.bundle";
		};
		E0919D2115D7B20E0009D434 /* Core-Tests-NoLogger-ARC */ = {
			isa = PBXNativeTarget;
			buildConfigurationList = E0919D2815D7B20E0009D434 /* Build configuration list for PBXNativeTarget "Core-Tests-NoLogger-ARC" */;
			buildPhases = (
				E0919D2215D7B20E0009D434 /* Resources */,
				E0919D2315D7B20E0009D434 /* Sources */,
				E0919D2615D7B20E0009D434 /* Frameworks */,
				E0919D2715D7B20E0009D434 /* ShellScript */,
			);
			buildRules = (
			);
			dependencies = (
			);
			name = "Core-Tests-NoLogger-ARC";
			productName = Tests;
			productReference = E0919D2B15D7B20E0009D434 /* Core-Tests-NoLogger-ARC.octest */;
			productType = "com.apple.product-type.bundle";
		};
		E0C394B315D7A9390070B99C /* Core-Tests-Warnings */ = {
			isa = PBXNativeTarget;
			buildConfigurationList = E0C394C115D7A9390070B99C /* Build configuration list for PBXNativeTarget "Core-Tests-Warnings" */;
			buildPhases = (
				E0C394B415D7A9390070B99C /* Resources */,
				E0C394B515D7A9390070B99C /* Sources */,
				E0C394BF15D7A9390070B99C /* Frameworks */,
				E0C394C015D7A9390070B99C /* ShellScript */,
			);
			buildRules = (
			);
			dependencies = (
			);
			name = "Core-Tests-Warnings";
			productName = Tests;
			productReference = E0C394C715D7A9480070B99C /* Core-Tests-Warnings.octest */;
			productType = "com.apple.product-type.bundle";
		};
		E0EB43E710F4B365009540E4 /* Core-Tests */ = {
			isa = PBXNativeTarget;
			buildConfigurationList = E0EB43EC10F4B366009540E4 /* Build configuration list for PBXNativeTarget "Core-Tests" */;
			buildPhases = (
				E0EB43E310F4B365009540E4 /* Resources */,
				E0EB43E410F4B365009540E4 /* Sources */,
				E0EB43E510F4B365009540E4 /* Frameworks */,
				E0EB43E610F4B365009540E4 /* ShellScript */,
			);
			buildRules = (
			);
			dependencies = (
				E0C394C915D7A9630070B99C /* PBXTargetDependency */,
				E0EB43F210F4B371009540E4 /* PBXTargetDependency */,
				E00C11D3144B2A3E00A3488C /* PBXTargetDependency */,
				E05D56691116165700E7E36E /* PBXTargetDependency */,
				E0861D6B144B2AFD00A5B70C /* PBXTargetDependency */,
				E0919D2E15D7B2530009D434 /* PBXTargetDependency */,
				E0919D3015D7B2550009D434 /* PBXTargetDependency */,
			);
			name = "Core-Tests";
			productName = "Core-Tests";
			productReference = E0B4803B13A51ABB00130E13 /* Core-Tests.octest */;
			productType = "com.apple.product-type.bundle";
		};
/* End PBXNativeTarget section */

/* Begin PBXProject section */
		29B97313FDCFA39411CA2CEA /* Project object */ = {
			isa = PBXProject;
			attributes = {
				LastUpgradeCheck = 0440;
			};
			buildConfigurationList = C01FCF4E08A954540054247B /* Build configuration list for PBXProject "LibComponentLogging-Core" */;
			compatibilityVersion = "Xcode 3.2";
			developmentRegion = English;
			hasScannedForEncodings = 1;
			knownRegions = (
				English,
			);
			mainGroup = 29B97314FDCFA39411CA2CEA /* Core */;
			productRefGroup = 29B97314FDCFA39411CA2CEA /* Core */;
			projectDirPath = "";
			projectRoot = "";
			targets = (
				E0EB43E710F4B365009540E4 /* Core-Tests */,
				E00B95E40F2C88F800309460 /* Core-Tests-MacOSX */,
				E00C11BD144B29C800A3488C /* Core-Tests-MacOSX-ARC */,
				E03C9EB510F65B3A0090E09B /* Core-Tests-iPhoneOS */,
				E05D5642111614DE00E7E36E /* Core-Tests-Templates */,
				E0861D5D144B2ADA00A5B70C /* Core-Tests-Templates-ARC */,
				E0C394B315D7A9390070B99C /* Core-Tests-Warnings */,
				E0919D1415D7B1980009D434 /* Core-Tests-NoLogger */,
				E0919D2115D7B20E0009D434 /* Core-Tests-NoLogger-ARC */,
			);
		};
/* End PBXProject section */

/* Begin PBXResourcesBuildPhase section */
		E00B95E00F2C88F800309460 /* Resources */ = {
			isa = PBXResourcesBuildPhase;
			buildActionMask = 2147483647;
			files = (
			);
			runOnlyForDeploymentPostprocessing = 0;
		};
		E00C11BE144B29C800A3488C /* Resources */ = {
			isa = PBXResourcesBuildPhase;
			buildActionMask = 2147483647;
			files = (
			);
			runOnlyForDeploymentPostprocessing = 0;
		};
		E03C9EB610F65B3A0090E09B /* Resources */ = {
			isa = PBXResourcesBuildPhase;
			buildActionMask = 2147483647;
			files = (
			);
			runOnlyForDeploymentPostprocessing = 0;
		};
		E05D5643111614DE00E7E36E /* Resources */ = {
			isa = PBXResourcesBuildPhase;
			buildActionMask = 2147483647;
			files = (
			);
			runOnlyForDeploymentPostprocessing = 0;
		};
		E0861D5E144B2ADA00A5B70C /* Resources */ = {
			isa = PBXResourcesBuildPhase;
			buildActionMask = 2147483647;
			files = (
			);
			runOnlyForDeploymentPostprocessing = 0;
		};
		E0919D1515D7B1980009D434 /* Resources */ = {
			isa = PBXResourcesBuildPhase;
			buildActionMask = 2147483647;
			files = (
			);
			runOnlyForDeploymentPostprocessing = 0;
		};
		E0919D2215D7B20E0009D434 /* Resources */ = {
			isa = PBXResourcesBuildPhase;
			buildActionMask = 2147483647;
			files = (
			);
			runOnlyForDeploymentPostprocessing = 0;
		};
		E0C394B415D7A9390070B99C /* Resources */ = {
			isa = PBXResourcesBuildPhase;
			buildActionMask = 2147483647;
			files = (
			);
			runOnlyForDeploymentPostprocessing = 0;
		};
		E0EB43E310F4B365009540E4 /* Resources */ = {
			isa = PBXResourcesBuildPhase;
			buildActionMask = 2147483647;
			files = (
			);
			runOnlyForDeploymentPostprocessing = 0;
		};
/* End PBXResourcesBuildPhase section */

/* Begin PBXShellScriptBuildPhase section */
		E00B95E30F2C88F800309460 /* ShellScript */ = {
			isa = PBXShellScriptBuildPhase;
			buildActionMask = 2147483647;
			files = (
			);
			inputPaths = (
			);
			outputPaths = (
			);
			runOnlyForDeploymentPostprocessing = 0;
			shellPath = /bin/sh;
			shellScript = "# Run the unit tests in this test bundle.\n\"${SYSTEM_DEVELOPER_DIR}/Tools/RunUnitTests\"\n";
		};
		E00C11CB144B29C800A3488C /* ShellScript */ = {
			isa = PBXShellScriptBuildPhase;
			buildActionMask = 2147483647;
			files = (
			);
			inputPaths = (
			);
			outputPaths = (
			);
			runOnlyForDeploymentPostprocessing = 0;
			shellPath = /bin/sh;
			shellScript = "# Run the unit tests in this test bundle.\n\"${SYSTEM_DEVELOPER_DIR}/Tools/RunUnitTests\"\n";
		};
		E03C9EC010F65B3A0090E09B /* ShellScript */ = {
			isa = PBXShellScriptBuildPhase;
			buildActionMask = 2147483647;
			files = (
			);
			inputPaths = (
			);
			outputPaths = (
			);
			runOnlyForDeploymentPostprocessing = 0;
			shellPath = /bin/sh;
			shellScript = "# Run the unit tests in this test bundle.\n\"${SYSTEM_DEVELOPER_DIR}/Tools/RunUnitTests\"\n";
		};
		E05D564D111614DE00E7E36E /* ShellScript */ = {
			isa = PBXShellScriptBuildPhase;
			buildActionMask = 2147483647;
			files = (
			);
			inputPaths = (
			);
			outputPaths = (
			);
			runOnlyForDeploymentPostprocessing = 0;
			shellPath = /bin/sh;
			shellScript = "# Run the unit tests in this test bundle.\n\"${SYSTEM_DEVELOPER_DIR}/Tools/RunUnitTests\"\n";
		};
		E0861D64144B2ADA00A5B70C /* ShellScript */ = {
			isa = PBXShellScriptBuildPhase;
			buildActionMask = 2147483647;
			files = (
			);
			inputPaths = (
			);
			outputPaths = (
			);
			runOnlyForDeploymentPostprocessing = 0;
			shellPath = /bin/sh;
			shellScript = "# Run the unit tests in this test bundle.\n\"${SYSTEM_DEVELOPER_DIR}/Tools/RunUnitTests\"\n";
		};
		E0919D1A15D7B1980009D434 /* ShellScript */ = {
			isa = PBXShellScriptBuildPhase;
			buildActionMask = 2147483647;
			files = (
			);
			inputPaths = (
			);
			outputPaths = (
			);
			runOnlyForDeploymentPostprocessing = 0;
			shellPath = /bin/sh;
			shellScript = "# Run the unit tests in this test bundle.\n\"${SYSTEM_DEVELOPER_DIR}/Tools/RunUnitTests\"\n";
		};
		E0919D2715D7B20E0009D434 /* ShellScript */ = {
			isa = PBXShellScriptBuildPhase;
			buildActionMask = 2147483647;
			files = (
			);
			inputPaths = (
			);
			outputPaths = (
			);
			runOnlyForDeploymentPostprocessing = 0;
			shellPath = /bin/sh;
			shellScript = "# Run the unit tests in this test bundle.\n\"${SYSTEM_DEVELOPER_DIR}/Tools/RunUnitTests\"\n";
		};
		E0C394C015D7A9390070B99C /* ShellScript */ = {
			isa = PBXShellScriptBuildPhase;
			buildActionMask = 2147483647;
			files = (
			);
			inputPaths = (
			);
			outputPaths = (
			);
			runOnlyForDeploymentPostprocessing = 0;
			shellPath = /bin/sh;
			shellScript = "# Run the unit tests in this test bundle.\n\"${SYSTEM_DEVELOPER_DIR}/Tools/RunUnitTests\"\n";
		};
		E0EB43E610F4B365009540E4 /* ShellScript */ = {
			isa = PBXShellScriptBuildPhase;
			buildActionMask = 2147483647;
			files = (
			);
			inputPaths = (
			);
			outputPaths = (
			);
			runOnlyForDeploymentPostprocessing = 0;
			shellPath = /bin/sh;
			shellScript = "# Run the unit tests in this test bundle.\n\"${SYSTEM_DEVELOPER_DIR}/Tools/RunUnitTests\"\n";
		};
/* End PBXShellScriptBuildPhase section */

/* Begin PBXSourcesBuildPhase section */
		E00B95E10F2C88F800309460 /* Sources */ = {
			isa = PBXSourcesBuildPhase;
			buildActionMask = 2147483647;
			files = (
				E0EB42DF10F4ABB4009540E4 /* lcl.m in Sources */,
				E09F2CBC10F4B82400246AAA /* CoreTestsLogger.m in Sources */,
				E0303DED10F4D26B0032A42B /* CoreTestsLoggingTests.m in Sources */,
				E0303E5810F4DDF60032A42B /* CoreTestsLogLevelsTests.m in Sources */,
				E0303E6810F4DEF60032A42B /* CoreTestsLogComponentsTests.m in Sources */,
				E0303E8410F4E15C0032A42B /* CoreTestsCustomLogMacrosTests.m in Sources */,
				E0303EC610F4E9CF0032A42B /* CoreTestsConfigureTests.m in Sources */,
				E013FA601118A6D1003A58EA /* CoreTestsInformationTests.m in Sources */,
				E0F11FCD1270B78E00877F8B /* CoreTestsObjectiveCPlusPlus.mm in Sources */,
			);
			runOnlyForDeploymentPostprocessing = 0;
		};
		E00C11BF144B29C800A3488C /* Sources */ = {
			isa = PBXSourcesBuildPhase;
			buildActionMask = 2147483647;
			files = (
				E00C11C0144B29C800A3488C /* lcl.m in Sources */,
				E00C11C1144B29C800A3488C /* CoreTestsLogger.m in Sources */,
				E00C11C2144B29C800A3488C /* CoreTestsLoggingTests.m in Sources */,
				E00C11C3144B29C800A3488C /* CoreTestsLogLevelsTests.m in Sources */,
				E00C11C4144B29C800A3488C /* CoreTestsLogComponentsTests.m in Sources */,
				E00C11C5144B29C800A3488C /* CoreTestsCustomLogMacrosTests.m in Sources */,
				E00C11C6144B29C800A3488C /* CoreTestsConfigureTests.m in Sources */,
				E00C11C7144B29C800A3488C /* CoreTestsInformationTests.m in Sources */,
				E00C11C8144B29C800A3488C /* CoreTestsObjectiveCPlusPlus.mm in Sources */,
			);
			runOnlyForDeploymentPostprocessing = 0;
		};
		E03C9EB710F65B3A0090E09B /* Sources */ = {
			isa = PBXSourcesBuildPhase;
			buildActionMask = 2147483647;
			files = (
				E03C9EB810F65B3A0090E09B /* lcl.m in Sources */,
				E03C9EB910F65B3A0090E09B /* CoreTestsLogger.m in Sources */,
				E03C9EBA10F65B3A0090E09B /* CoreTestsLoggingTests.m in Sources */,
				E03C9EBB10F65B3A0090E09B /* CoreTestsLogLevelsTests.m in Sources */,
				E03C9EBC10F65B3A0090E09B /* CoreTestsLogComponentsTests.m in Sources */,
				E03C9EBD10F65B3A0090E09B /* CoreTestsCustomLogMacrosTests.m in Sources */,
				E03C9EBE10F65B3A0090E09B /* CoreTestsConfigureTests.m in Sources */,
				E013FA611118A6D1003A58EA /* CoreTestsInformationTests.m in Sources */,
				E0F11FCC1270B78E00877F8B /* CoreTestsObjectiveCPlusPlus.mm in Sources */,
			);
			runOnlyForDeploymentPostprocessing = 0;
		};
		E05D5644111614DE00E7E36E /* Sources */ = {
			isa = PBXSourcesBuildPhase;
			buildActionMask = 2147483647;
			files = (
				E05D5645111614DE00E7E36E /* lcl.m in Sources */,
				E05D56571116153200E7E36E /* CoreTestsTemplatesTests.m in Sources */,
			);
			runOnlyForDeploymentPostprocessing = 0;
		};
		E0861D5F144B2ADA00A5B70C /* Sources */ = {
			isa = PBXSourcesBuildPhase;
			buildActionMask = 2147483647;
			files = (
				E0861D60144B2ADA00A5B70C /* lcl.m in Sources */,
				E0861D61144B2ADA00A5B70C /* CoreTestsTemplatesTests.m in Sources */,
			);
			runOnlyForDeploymentPostprocessing = 0;
		};
		E0919D1615D7B1980009D434 /* Sources */ = {
			isa = PBXSourcesBuildPhase;
			buildActionMask = 2147483647;
			files = (
				E0919D1715D7B1980009D434 /* lcl.m in Sources */,
				E076A71015D7B3A100115B6E /* CoreTestsNoLoggerTests.m in Sources */,
			);
			runOnlyForDeploymentPostprocessing = 0;
		};
		E0919D2315D7B20E0009D434 /* Sources */ = {
			isa = PBXSourcesBuildPhase;
			buildActionMask = 2147483647;
			files = (
				E0919D2415D7B20E0009D434 /* lcl.m in Sources */,
				E076A71115D7B3A500115B6E /* CoreTestsNoLoggerTests.m in Sources */,
			);
			runOnlyForDeploymentPostprocessing = 0;
		};
		E0C394B515D7A9390070B99C /* Sources */ = {
			isa = PBXSourcesBuildPhase;
			buildActionMask = 2147483647;
			files = (
				E0C394B615D7A9390070B99C /* lcl.m in Sources */,
				E0C394B715D7A9390070B99C /* CoreTestsLogger.m in Sources */,
				E0C394B815D7A9390070B99C /* CoreTestsLoggingTests.m in Sources */,
				E0C394B915D7A9390070B99C /* CoreTestsLogLevelsTests.m in Sources */,
				E0C394BA15D7A9390070B99C /* CoreTestsLogComponentsTests.m in Sources */,
				E0C394BB15D7A9390070B99C /* CoreTestsCustomLogMacrosTests.m in Sources */,
				E0C394BC15D7A9390070B99C /* CoreTestsConfigureTests.m in Sources */,
				E0C394BD15D7A9390070B99C /* CoreTestsInformationTests.m in Sources */,
				E0C394BE15D7A9390070B99C /* CoreTestsObjectiveCPlusPlus.mm in Sources */,
			);
			runOnlyForDeploymentPostprocessing = 0;
		};
		E0EB43E410F4B365009540E4 /* Sources */ = {
			isa = PBXSourcesBuildPhase;
			buildActionMask = 2147483647;
			files = (
				E0EB440510F4B3C6009540E4 /* lcl.m in Sources */,
				E0303E4510F4DCB50032A42B /* CoreTestsLogger.m in Sources */,
				E0303E3F10F4DC960032A42B /* CoreTestsLoggingTests.m in Sources */,
				E0303E5910F4DDF60032A42B /* CoreTestsLogLevelsTests.m in Sources */,
				E0303E6710F4DEF60032A42B /* CoreTestsLogComponentsTests.m in Sources */,
				E0303E8310F4E15C0032A42B /* CoreTestsCustomLogMacrosTests.m in Sources */,
				E0303EC510F4E9CF0032A42B /* CoreTestsConfigureTests.m in Sources */,
				E013FA5F1118A6D1003A58EA /* CoreTestsInformationTests.m in Sources */,
				E013FA941118AC3E003A58EA /* CoreTestsNoLoggingTests.m in Sources */,
				E0F11FCB1270B78E00877F8B /* CoreTestsObjectiveCPlusPlus.mm in Sources */,
				E0A222B113EDB997002D1D94 /* CoreTestsSyntaxTests.m in Sources */,
				E0A222B413EDBB87002D1D94 /* CoreTestsNoLoggingSyntaxTests.m in Sources */,
			);
			runOnlyForDeploymentPostprocessing = 0;
		};
/* End PBXSourcesBuildPhase section */

/* Begin PBXTargetDependency section */
		E00C11D3144B2A3E00A3488C /* PBXTargetDependency */ = {
			isa = PBXTargetDependency;
			target = E00C11BD144B29C800A3488C /* Core-Tests-MacOSX-ARC */;
			targetProxy = E00C11D2144B2A3E00A3488C /* PBXContainerItemProxy */;
		};
		E05D56691116165700E7E36E /* PBXTargetDependency */ = {
			isa = PBXTargetDependency;
			target = E05D5642111614DE00E7E36E /* Core-Tests-Templates */;
			targetProxy = E05D56681116165700E7E36E /* PBXContainerItemProxy */;
		};
		E0861D6B144B2AFD00A5B70C /* PBXTargetDependency */ = {
			isa = PBXTargetDependency;
			target = E0861D5D144B2ADA00A5B70C /* Core-Tests-Templates-ARC */;
			targetProxy = E0861D6A144B2AFD00A5B70C /* PBXContainerItemProxy */;
		};
		E0919D2E15D7B2530009D434 /* PBXTargetDependency */ = {
			isa = PBXTargetDependency;
			target = E0919D1415D7B1980009D434 /* Core-Tests-NoLogger */;
			targetProxy = E0919D2D15D7B2530009D434 /* PBXContainerItemProxy */;
		};
		E0919D3015D7B2550009D434 /* PBXTargetDependency */ = {
			isa = PBXTargetDependency;
			target = E0919D2115D7B20E0009D434 /* Core-Tests-NoLogger-ARC */;
			targetProxy = E0919D2F15D7B2550009D434 /* PBXContainerItemProxy */;
		};
		E0C394C915D7A9630070B99C /* PBXTargetDependency */ = {
			isa = PBXTargetDependency;
			target = E0C394B315D7A9390070B99C /* Core-Tests-Warnings */;
			targetProxy = E0C394C815D7A9630070B99C /* PBXContainerItemProxy */;
		};
		E0EB43F210F4B371009540E4 /* PBXTargetDependency */ = {
			isa = PBXTargetDependency;
			target = E00B95E40F2C88F800309460 /* Core-Tests-MacOSX */;
			targetProxy = E0EB43F110F4B371009540E4 /* PBXContainerItemProxy */;
		};
/* End PBXTargetDependency section */

/* Begin XCBuildConfiguration section */
		C01FCF4F08A954540054247B /* Debug */ = {
			isa = XCBuildConfiguration;
			buildSettings = {
				ARCHS = "$(ARCHS_STANDARD_32_BIT)";
				GCC_C_LANGUAGE_STANDARD = c99;
				GCC_OPTIMIZATION_LEVEL = 0;
				GCC_WARN_ABOUT_RETURN_TYPE = YES;
				GCC_WARN_UNUSED_VARIABLE = YES;
				ONLY_ACTIVE_ARCH = YES;
				SDKROOT = macosx;
				TEST_AFTER_BUILD = YES;
			};
			name = Debug;
		};
		C01FCF5008A954540054247B /* Release */ = {
			isa = XCBuildConfiguration;
			buildSettings = {
				ARCHS = "$(ARCHS_STANDARD_32_BIT)";
				GCC_C_LANGUAGE_STANDARD = c99;
				GCC_WARN_ABOUT_RETURN_TYPE = YES;
				GCC_WARN_UNUSED_VARIABLE = YES;
				SDKROOT = macosx;
				TEST_AFTER_BUILD = YES;
			};
			name = Release;
		};
		E00B95E70F2C88F900309460 /* Debug */ = {
			isa = XCBuildConfiguration;
			buildSettings = {
				ALWAYS_SEARCH_USER_PATHS = NO;
				ARCHS = "$(ARCHS_STANDARD_32_64_BIT)";
				COMBINE_HIDPI_IMAGES = YES;
				COPY_PHASE_STRIP = NO;
				FRAMEWORK_SEARCH_PATHS = "$(DEVELOPER_LIBRARY_DIR)/Frameworks";
				GCC_DYNAMIC_NO_PIC = NO;
				GCC_ENABLE_OBJC_EXCEPTIONS = YES;
				GCC_MODEL_TUNING = G5;
				GCC_OPTIMIZATION_LEVEL = 0;
				GCC_PRECOMPILE_PREFIX_HEADER = YES;
				GCC_PREFIX_HEADER = "Core-Tests/CoreTests.pch";
				GCC_TREAT_IMPLICIT_FUNCTION_DECLARATIONS_AS_ERRORS = YES;
				GCC_TREAT_NONCONFORMANT_CODE_ERRORS_AS_WARNINGS = YES;
				GCC_TREAT_WARNINGS_AS_ERRORS = YES;
				GCC_WARN_64_TO_32_BIT_CONVERSION = YES;
				GCC_WARN_ABOUT_MISSING_NEWLINE = YES;
				GCC_WARN_ABOUT_MISSING_PROTOTYPES = YES;
				GCC_WARN_CHECK_SWITCH_STATEMENTS = YES;
				GCC_WARN_INITIALIZER_NOT_FULLY_BRACKETED = YES;
				GCC_WARN_MISSING_PARENTHESES = YES;
				GCC_WARN_PROTOTYPE_CONVERSION = YES;
				GCC_WARN_SHADOW = YES;
				GCC_WARN_SIGN_COMPARE = YES;
				GCC_WARN_UNKNOWN_PRAGMAS = YES;
				GCC_WARN_UNUSED_FUNCTION = YES;
				GCC_WARN_UNUSED_LABEL = YES;
				GCC_WARN_UNUSED_PARAMETER = YES;
				GCC_WARN_UNUSED_VALUE = YES;
				INFOPLIST_FILE = "Core-Tests/Core-Tests-Info.plist";
				INSTALL_PATH = "$(USER_LIBRARY_DIR)/Bundles";
				ONLY_ACTIVE_ARCH = NO;
				OTHER_LDFLAGS = (
					"-framework",
					Foundation,
					"-framework",
					SenTestingKit,
				);
				PRODUCT_NAME = "Core-Tests-MacOSX";
				RUN_CLANG_STATIC_ANALYZER = YES;
				SDKROOT = "";
				WARNING_CFLAGS = (
					"-Wall",
					"-Weverything",
					"-fdiagnostics-show-category=id",
				);
				WRAPPER_EXTENSION = octest;
			};
			name = Debug;
		};
		E00B95E80F2C88F900309460 /* Release */ = {
			isa = XCBuildConfiguration;
			buildSettings = {
				ALWAYS_SEARCH_USER_PATHS = NO;
				ARCHS = "$(ARCHS_STANDARD_32_64_BIT)";
				COMBINE_HIDPI_IMAGES = YES;
				COPY_PHASE_STRIP = YES;
				DEBUG_INFORMATION_FORMAT = "dwarf-with-dsym";
				FRAMEWORK_SEARCH_PATHS = "$(DEVELOPER_LIBRARY_DIR)/Frameworks";
				GCC_ENABLE_OBJC_EXCEPTIONS = YES;
				GCC_MODEL_TUNING = G5;
				GCC_PRECOMPILE_PREFIX_HEADER = YES;
				GCC_PREFIX_HEADER = "Core-Tests/CoreTests.pch";
				GCC_TREAT_IMPLICIT_FUNCTION_DECLARATIONS_AS_ERRORS = YES;
				GCC_TREAT_NONCONFORMANT_CODE_ERRORS_AS_WARNINGS = YES;
				GCC_TREAT_WARNINGS_AS_ERRORS = YES;
				GCC_WARN_64_TO_32_BIT_CONVERSION = YES;
				GCC_WARN_ABOUT_MISSING_NEWLINE = YES;
				GCC_WARN_ABOUT_MISSING_PROTOTYPES = YES;
				GCC_WARN_CHECK_SWITCH_STATEMENTS = YES;
				GCC_WARN_INITIALIZER_NOT_FULLY_BRACKETED = YES;
				GCC_WARN_MISSING_PARENTHESES = YES;
				GCC_WARN_PROTOTYPE_CONVERSION = YES;
				GCC_WARN_SHADOW = YES;
				GCC_WARN_SIGN_COMPARE = YES;
				GCC_WARN_UNKNOWN_PRAGMAS = YES;
				GCC_WARN_UNUSED_FUNCTION = YES;
				GCC_WARN_UNUSED_LABEL = YES;
				GCC_WARN_UNUSED_PARAMETER = YES;
				GCC_WARN_UNUSED_VALUE = YES;
				INFOPLIST_FILE = "Core-Tests/Core-Tests-Info.plist";
				INSTALL_PATH = "$(USER_LIBRARY_DIR)/Bundles";
				OTHER_LDFLAGS = (
					"-framework",
					Foundation,
					"-framework",
					SenTestingKit,
				);
				PRODUCT_NAME = "Core-Tests-MacOSX";
				RUN_CLANG_STATIC_ANALYZER = YES;
				SDKROOT = "";
				WARNING_CFLAGS = (
					"-Wall",
					"-Weverything",
					"-fdiagnostics-show-category=id",
				);
				WRAPPER_EXTENSION = octest;
				ZERO_LINK = NO;
			};
			name = Release;
		};
		E00C11CD144B29C800A3488C /* Debug */ = {
			isa = XCBuildConfiguration;
			buildSettings = {
				ALWAYS_SEARCH_USER_PATHS = NO;
				ARCHS = "$(ARCHS_STANDARD_64_BIT)";
				CLANG_ENABLE_OBJC_ARC = YES;
				COMBINE_HIDPI_IMAGES = YES;
				COPY_PHASE_STRIP = NO;
				FRAMEWORK_SEARCH_PATHS = "$(DEVELOPER_LIBRARY_DIR)/Frameworks";
				GCC_DYNAMIC_NO_PIC = NO;
				GCC_ENABLE_OBJC_EXCEPTIONS = YES;
				GCC_MODEL_TUNING = G5;
				GCC_OPTIMIZATION_LEVEL = 0;
				GCC_PRECOMPILE_PREFIX_HEADER = YES;
				GCC_PREFIX_HEADER = "Core-Tests/CoreTests.pch";
				GCC_TREAT_IMPLICIT_FUNCTION_DECLARATIONS_AS_ERRORS = YES;
				GCC_TREAT_NONCONFORMANT_CODE_ERRORS_AS_WARNINGS = YES;
				GCC_TREAT_WARNINGS_AS_ERRORS = YES;
				GCC_WARN_64_TO_32_BIT_CONVERSION = YES;
				GCC_WARN_ABOUT_MISSING_NEWLINE = YES;
				GCC_WARN_ABOUT_MISSING_PROTOTYPES = YES;
				GCC_WARN_CHECK_SWITCH_STATEMENTS = YES;
				GCC_WARN_INITIALIZER_NOT_FULLY_BRACKETED = YES;
				GCC_WARN_MISSING_PARENTHESES = YES;
				GCC_WARN_PROTOTYPE_CONVERSION = YES;
				GCC_WARN_SHADOW = YES;
				GCC_WARN_SIGN_COMPARE = YES;
				GCC_WARN_UNKNOWN_PRAGMAS = YES;
				GCC_WARN_UNUSED_FUNCTION = YES;
				GCC_WARN_UNUSED_LABEL = YES;
				GCC_WARN_UNUSED_PARAMETER = YES;
				GCC_WARN_UNUSED_VALUE = YES;
				INFOPLIST_FILE = "Core-Tests/Core-Tests-Info.plist";
				INSTALL_PATH = "$(USER_LIBRARY_DIR)/Bundles";
				ONLY_ACTIVE_ARCH = NO;
				OTHER_LDFLAGS = (
					"-framework",
					Foundation,
					"-framework",
					SenTestingKit,
				);
				PRODUCT_NAME = "Core-Tests-MacOSX-ARC";
				RUN_CLANG_STATIC_ANALYZER = YES;
				SDKROOT = "";
				VALID_ARCHS = x86_64;
				WARNING_CFLAGS = (
					"-Wall",
					"-Weverything",
					"-fdiagnostics-show-category=id",
				);
				WRAPPER_EXTENSION = octest;
			};
			name = Debug;
		};
		E00C11CE144B29C800A3488C /* Release */ = {
			isa = XCBuildConfiguration;
			buildSettings = {
				ALWAYS_SEARCH_USER_PATHS = NO;
				ARCHS = "$(ARCHS_STANDARD_64_BIT)";
				CLANG_ENABLE_OBJC_ARC = YES;
				COMBINE_HIDPI_IMAGES = YES;
				COPY_PHASE_STRIP = YES;
				DEBUG_INFORMATION_FORMAT = "dwarf-with-dsym";
				FRAMEWORK_SEARCH_PATHS = "$(DEVELOPER_LIBRARY_DIR)/Frameworks";
				GCC_ENABLE_OBJC_EXCEPTIONS = YES;
				GCC_MODEL_TUNING = G5;
				GCC_PRECOMPILE_PREFIX_HEADER = YES;
				GCC_PREFIX_HEADER = "Core-Tests/CoreTests.pch";
				GCC_TREAT_IMPLICIT_FUNCTION_DECLARATIONS_AS_ERRORS = YES;
				GCC_TREAT_NONCONFORMANT_CODE_ERRORS_AS_WARNINGS = YES;
				GCC_TREAT_WARNINGS_AS_ERRORS = YES;
				GCC_WARN_64_TO_32_BIT_CONVERSION = YES;
				GCC_WARN_ABOUT_MISSING_NEWLINE = YES;
				GCC_WARN_ABOUT_MISSING_PROTOTYPES = YES;
				GCC_WARN_CHECK_SWITCH_STATEMENTS = YES;
				GCC_WARN_INITIALIZER_NOT_FULLY_BRACKETED = YES;
				GCC_WARN_MISSING_PARENTHESES = YES;
				GCC_WARN_PROTOTYPE_CONVERSION = YES;
				GCC_WARN_SHADOW = YES;
				GCC_WARN_SIGN_COMPARE = YES;
				GCC_WARN_UNKNOWN_PRAGMAS = YES;
				GCC_WARN_UNUSED_FUNCTION = YES;
				GCC_WARN_UNUSED_LABEL = YES;
				GCC_WARN_UNUSED_PARAMETER = YES;
				GCC_WARN_UNUSED_VALUE = YES;
				INFOPLIST_FILE = "Core-Tests/Core-Tests-Info.plist";
				INSTALL_PATH = "$(USER_LIBRARY_DIR)/Bundles";
				OTHER_LDFLAGS = (
					"-framework",
					Foundation,
					"-framework",
					SenTestingKit,
				);
				PRODUCT_NAME = "Core-Tests-MacOSX-ARC";
				RUN_CLANG_STATIC_ANALYZER = YES;
				SDKROOT = "";
				VALID_ARCHS = x86_64;
				WARNING_CFLAGS = (
					"-Wall",
					"-Weverything",
					"-fdiagnostics-show-category=id",
				);
				WRAPPER_EXTENSION = octest;
				ZERO_LINK = NO;
			};
			name = Release;
		};
		E03C9EC210F65B3A0090E09B /* Debug */ = {
			isa = XCBuildConfiguration;
			buildSettings = {
				ALWAYS_SEARCH_USER_PATHS = NO;
				CODE_SIGN_IDENTITY = "iPhone Developer";
				COPY_PHASE_STRIP = NO;
				FRAMEWORK_SEARCH_PATHS = "$(DEVELOPER_LIBRARY_DIR)/Frameworks";
				GCC_DYNAMIC_NO_PIC = NO;
				GCC_ENABLE_OBJC_EXCEPTIONS = YES;
				GCC_MODEL_TUNING = G5;
				GCC_OPTIMIZATION_LEVEL = 0;
				GCC_PRECOMPILE_PREFIX_HEADER = YES;
				GCC_PREFIX_HEADER = "Core-Tests/CoreTests.pch";
				GCC_TREAT_IMPLICIT_FUNCTION_DECLARATIONS_AS_ERRORS = YES;
				GCC_TREAT_NONCONFORMANT_CODE_ERRORS_AS_WARNINGS = YES;
				GCC_TREAT_WARNINGS_AS_ERRORS = YES;
				GCC_VERSION = com.apple.compilers.llvm.clang.1_0;
				GCC_WARN_64_TO_32_BIT_CONVERSION = YES;
				GCC_WARN_ABOUT_MISSING_NEWLINE = YES;
				GCC_WARN_ABOUT_MISSING_PROTOTYPES = YES;
				GCC_WARN_CHECK_SWITCH_STATEMENTS = YES;
				GCC_WARN_INITIALIZER_NOT_FULLY_BRACKETED = YES;
				GCC_WARN_MISSING_PARENTHESES = YES;
				GCC_WARN_PROTOTYPE_CONVERSION = YES;
				GCC_WARN_SHADOW = YES;
				GCC_WARN_SIGN_COMPARE = YES;
				GCC_WARN_UNKNOWN_PRAGMAS = YES;
				GCC_WARN_UNUSED_FUNCTION = YES;
				GCC_WARN_UNUSED_LABEL = YES;
				GCC_WARN_UNUSED_PARAMETER = YES;
				GCC_WARN_UNUSED_VALUE = YES;
				INFOPLIST_FILE = "Core-Tests/Core-Tests-Info.plist";
				INSTALL_PATH = "$(USER_LIBRARY_DIR)/Bundles";
				IPHONEOS_DEPLOYMENT_TARGET = 3.0;
				ONLY_ACTIVE_ARCH = NO;
				OTHER_LDFLAGS = (
					"-framework",
					Foundation,
					"-framework",
					SenTestingKit,
				);
				PRODUCT_NAME = "Core-Tests-iPhoneOS";
				PROVISIONING_PROFILE = "";
				RUN_CLANG_STATIC_ANALYZER = YES;
				SDKROOT = iphoneos;
				SUPPORTED_PLATFORMS = iphonesimulator;
				WARNING_CFLAGS = "-Wall";
				WRAPPER_EXTENSION = octest;
			};
			name = Debug;
		};
		E03C9EC310F65B3A0090E09B /* Release */ = {
			isa = XCBuildConfiguration;
			buildSettings = {
				ALWAYS_SEARCH_USER_PATHS = NO;
				CODE_SIGN_IDENTITY = "iPhone Developer";
				COPY_PHASE_STRIP = YES;
				DEBUG_INFORMATION_FORMAT = "dwarf-with-dsym";
				FRAMEWORK_SEARCH_PATHS = "$(DEVELOPER_LIBRARY_DIR)/Frameworks";
				GCC_ENABLE_OBJC_EXCEPTIONS = YES;
				GCC_MODEL_TUNING = G5;
				GCC_PRECOMPILE_PREFIX_HEADER = YES;
				GCC_PREFIX_HEADER = "Core-Tests/CoreTests.pch";
				GCC_TREAT_IMPLICIT_FUNCTION_DECLARATIONS_AS_ERRORS = YES;
				GCC_TREAT_NONCONFORMANT_CODE_ERRORS_AS_WARNINGS = YES;
				GCC_TREAT_WARNINGS_AS_ERRORS = YES;
				GCC_VERSION = com.apple.compilers.llvm.clang.1_0;
				GCC_WARN_64_TO_32_BIT_CONVERSION = YES;
				GCC_WARN_ABOUT_MISSING_NEWLINE = YES;
				GCC_WARN_ABOUT_MISSING_PROTOTYPES = YES;
				GCC_WARN_CHECK_SWITCH_STATEMENTS = YES;
				GCC_WARN_INITIALIZER_NOT_FULLY_BRACKETED = YES;
				GCC_WARN_MISSING_PARENTHESES = YES;
				GCC_WARN_PROTOTYPE_CONVERSION = YES;
				GCC_WARN_SHADOW = YES;
				GCC_WARN_SIGN_COMPARE = YES;
				GCC_WARN_UNKNOWN_PRAGMAS = YES;
				GCC_WARN_UNUSED_FUNCTION = YES;
				GCC_WARN_UNUSED_LABEL = YES;
				GCC_WARN_UNUSED_PARAMETER = YES;
				GCC_WARN_UNUSED_VALUE = YES;
				INFOPLIST_FILE = "Core-Tests/Core-Tests-Info.plist";
				INSTALL_PATH = "$(USER_LIBRARY_DIR)/Bundles";
				IPHONEOS_DEPLOYMENT_TARGET = 3.0;
				OTHER_LDFLAGS = (
					"-framework",
					Foundation,
					"-framework",
					SenTestingKit,
				);
				PRODUCT_NAME = "Core-Tests-iPhoneOS";
				PROVISIONING_PROFILE = "";
				RUN_CLANG_STATIC_ANALYZER = YES;
				SDKROOT = iphoneos;
				SUPPORTED_PLATFORMS = iphonesimulator;
				WARNING_CFLAGS = "-Wall";
				WRAPPER_EXTENSION = octest;
				ZERO_LINK = NO;
			};
			name = Release;
		};
		E05D564F111614DE00E7E36E /* Debug */ = {
			isa = XCBuildConfiguration;
			buildSettings = {
				ALWAYS_SEARCH_USER_PATHS = NO;
				ARCHS = "$(ARCHS_STANDARD_32_64_BIT)";
				COMBINE_HIDPI_IMAGES = YES;
				COPY_PHASE_STRIP = NO;
				FRAMEWORK_SEARCH_PATHS = "$(DEVELOPER_LIBRARY_DIR)/Frameworks";
				GCC_DYNAMIC_NO_PIC = NO;
				GCC_ENABLE_OBJC_EXCEPTIONS = YES;
				GCC_MODEL_TUNING = G5;
				GCC_OPTIMIZATION_LEVEL = 0;
				GCC_PRECOMPILE_PREFIX_HEADER = YES;
				GCC_PREFIX_HEADER = "Core-Tests/CoreTests.pch";
				GCC_PREPROCESSOR_DEFINITIONS = CORE_TESTS_TEMPLATES_BUILD;
				GCC_TREAT_IMPLICIT_FUNCTION_DECLARATIONS_AS_ERRORS = YES;
				GCC_TREAT_NONCONFORMANT_CODE_ERRORS_AS_WARNINGS = YES;
				GCC_TREAT_WARNINGS_AS_ERRORS = YES;
				GCC_WARN_64_TO_32_BIT_CONVERSION = YES;
				GCC_WARN_ABOUT_MISSING_NEWLINE = YES;
				GCC_WARN_ABOUT_MISSING_PROTOTYPES = YES;
				GCC_WARN_CHECK_SWITCH_STATEMENTS = YES;
				GCC_WARN_INITIALIZER_NOT_FULLY_BRACKETED = YES;
				GCC_WARN_MISSING_PARENTHESES = YES;
				GCC_WARN_PROTOTYPE_CONVERSION = YES;
				GCC_WARN_SHADOW = YES;
				GCC_WARN_SIGN_COMPARE = YES;
				GCC_WARN_UNKNOWN_PRAGMAS = YES;
				GCC_WARN_UNUSED_FUNCTION = YES;
				GCC_WARN_UNUSED_LABEL = YES;
				GCC_WARN_UNUSED_PARAMETER = YES;
				GCC_WARN_UNUSED_VALUE = YES;
				INFOPLIST_FILE = "Core-Tests/Core-Tests-Info.plist";
				INSTALL_PATH = "$(USER_LIBRARY_DIR)/Bundles";
				ONLY_ACTIVE_ARCH = NO;
				OTHER_LDFLAGS = (
					"-framework",
					Foundation,
					"-framework",
					SenTestingKit,
				);
				PRODUCT_NAME = "Core-Tests-Templates";
				RUN_CLANG_STATIC_ANALYZER = YES;
				SDKROOT = "";
				WARNING_CFLAGS = (
					"-Wall",
					"-Weverything",
					"-fdiagnostics-show-category=id",
				);
				WRAPPER_EXTENSION = octest;
			};
			name = Debug;
		};
		E05D5650111614DE00E7E36E /* Release */ = {
			isa = XCBuildConfiguration;
			buildSettings = {
				ALWAYS_SEARCH_USER_PATHS = NO;
				ARCHS = "$(ARCHS_STANDARD_32_64_BIT)";
				COMBINE_HIDPI_IMAGES = YES;
				COPY_PHASE_STRIP = YES;
				DEBUG_INFORMATION_FORMAT = "dwarf-with-dsym";
				FRAMEWORK_SEARCH_PATHS = "$(DEVELOPER_LIBRARY_DIR)/Frameworks";
				GCC_ENABLE_OBJC_EXCEPTIONS = YES;
				GCC_MODEL_TUNING = G5;
				GCC_PRECOMPILE_PREFIX_HEADER = YES;
				GCC_PREFIX_HEADER = "Core-Tests/CoreTests.pch";
				GCC_PREPROCESSOR_DEFINITIONS = CORE_TESTS_TEMPLATES_BUILD;
				GCC_TREAT_IMPLICIT_FUNCTION_DECLARATIONS_AS_ERRORS = YES;
				GCC_TREAT_NONCONFORMANT_CODE_ERRORS_AS_WARNINGS = YES;
				GCC_TREAT_WARNINGS_AS_ERRORS = YES;
				GCC_WARN_64_TO_32_BIT_CONVERSION = YES;
				GCC_WARN_ABOUT_MISSING_NEWLINE = YES;
				GCC_WARN_ABOUT_MISSING_PROTOTYPES = YES;
				GCC_WARN_CHECK_SWITCH_STATEMENTS = YES;
				GCC_WARN_INITIALIZER_NOT_FULLY_BRACKETED = YES;
				GCC_WARN_MISSING_PARENTHESES = YES;
				GCC_WARN_PROTOTYPE_CONVERSION = YES;
				GCC_WARN_SHADOW = YES;
				GCC_WARN_SIGN_COMPARE = YES;
				GCC_WARN_UNKNOWN_PRAGMAS = YES;
				GCC_WARN_UNUSED_FUNCTION = YES;
				GCC_WARN_UNUSED_LABEL = YES;
				GCC_WARN_UNUSED_PARAMETER = YES;
				GCC_WARN_UNUSED_VALUE = YES;
				INFOPLIST_FILE = "Core-Tests/Core-Tests-Info.plist";
				INSTALL_PATH = "$(USER_LIBRARY_DIR)/Bundles";
				OTHER_LDFLAGS = (
					"-framework",
					Foundation,
					"-framework",
					SenTestingKit,
				);
				PRODUCT_NAME = "Core-Tests-Templates";
				RUN_CLANG_STATIC_ANALYZER = YES;
				SDKROOT = "";
				WARNING_CFLAGS = (
					"-Wall",
					"-Weverything",
					"-fdiagnostics-show-category=id",
				);
				WRAPPER_EXTENSION = octest;
				ZERO_LINK = NO;
			};
			name = Release;
		};
		E0861D66144B2ADA00A5B70C /* Debug */ = {
			isa = XCBuildConfiguration;
			buildSettings = {
				ALWAYS_SEARCH_USER_PATHS = NO;
				ARCHS = "$(ARCHS_STANDARD_64_BIT)";
				CLANG_ENABLE_OBJC_ARC = YES;
				COMBINE_HIDPI_IMAGES = YES;
				COPY_PHASE_STRIP = NO;
				FRAMEWORK_SEARCH_PATHS = "$(DEVELOPER_LIBRARY_DIR)/Frameworks";
				GCC_DYNAMIC_NO_PIC = NO;
				GCC_ENABLE_OBJC_EXCEPTIONS = YES;
				GCC_MODEL_TUNING = G5;
				GCC_OPTIMIZATION_LEVEL = 0;
				GCC_PRECOMPILE_PREFIX_HEADER = YES;
				GCC_PREFIX_HEADER = "Core-Tests/CoreTests.pch";
				GCC_PREPROCESSOR_DEFINITIONS = CORE_TESTS_TEMPLATES_BUILD;
				GCC_TREAT_IMPLICIT_FUNCTION_DECLARATIONS_AS_ERRORS = YES;
				GCC_TREAT_NONCONFORMANT_CODE_ERRORS_AS_WARNINGS = YES;
				GCC_TREAT_WARNINGS_AS_ERRORS = YES;
				GCC_WARN_64_TO_32_BIT_CONVERSION = YES;
				GCC_WARN_ABOUT_MISSING_NEWLINE = YES;
				GCC_WARN_ABOUT_MISSING_PROTOTYPES = YES;
				GCC_WARN_CHECK_SWITCH_STATEMENTS = YES;
				GCC_WARN_INITIALIZER_NOT_FULLY_BRACKETED = YES;
				GCC_WARN_MISSING_PARENTHESES = YES;
				GCC_WARN_PROTOTYPE_CONVERSION = YES;
				GCC_WARN_SHADOW = YES;
				GCC_WARN_SIGN_COMPARE = YES;
				GCC_WARN_UNKNOWN_PRAGMAS = YES;
				GCC_WARN_UNUSED_FUNCTION = YES;
				GCC_WARN_UNUSED_LABEL = YES;
				GCC_WARN_UNUSED_PARAMETER = YES;
				GCC_WARN_UNUSED_VALUE = YES;
				INFOPLIST_FILE = "Core-Tests/Core-Tests-Info.plist";
				INSTALL_PATH = "$(USER_LIBRARY_DIR)/Bundles";
				ONLY_ACTIVE_ARCH = NO;
				OTHER_LDFLAGS = (
					"-framework",
					Foundation,
					"-framework",
					SenTestingKit,
				);
				PRODUCT_NAME = "Core-Tests-Templates-ARC";
				RUN_CLANG_STATIC_ANALYZER = YES;
				SDKROOT = "";
				VALID_ARCHS = x86_64;
				WARNING_CFLAGS = (
					"-Wall",
					"-Weverything",
					"-fdiagnostics-show-category=id",
				);
				WRAPPER_EXTENSION = octest;
			};
			name = Debug;
		};
		E0861D67144B2ADA00A5B70C /* Release */ = {
			isa = XCBuildConfiguration;
			buildSettings = {
				ALWAYS_SEARCH_USER_PATHS = NO;
				ARCHS = "$(ARCHS_STANDARD_64_BIT)";
				CLANG_ENABLE_OBJC_ARC = YES;
				COMBINE_HIDPI_IMAGES = YES;
				COPY_PHASE_STRIP = YES;
				DEBUG_INFORMATION_FORMAT = "dwarf-with-dsym";
				FRAMEWORK_SEARCH_PATHS = "$(DEVELOPER_LIBRARY_DIR)/Frameworks";
				GCC_ENABLE_OBJC_EXCEPTIONS = YES;
				GCC_MODEL_TUNING = G5;
				GCC_PRECOMPILE_PREFIX_HEADER = YES;
				GCC_PREFIX_HEADER = "Core-Tests/CoreTests.pch";
				GCC_PREPROCESSOR_DEFINITIONS = CORE_TESTS_TEMPLATES_BUILD;
				GCC_TREAT_IMPLICIT_FUNCTION_DECLARATIONS_AS_ERRORS = YES;
				GCC_TREAT_NONCONFORMANT_CODE_ERRORS_AS_WARNINGS = YES;
				GCC_TREAT_WARNINGS_AS_ERRORS = YES;
				GCC_WARN_64_TO_32_BIT_CONVERSION = YES;
				GCC_WARN_ABOUT_MISSING_NEWLINE = YES;
				GCC_WARN_ABOUT_MISSING_PROTOTYPES = YES;
				GCC_WARN_CHECK_SWITCH_STATEMENTS = YES;
				GCC_WARN_INITIALIZER_NOT_FULLY_BRACKETED = YES;
				GCC_WARN_MISSING_PARENTHESES = YES;
				GCC_WARN_PROTOTYPE_CONVERSION = YES;
				GCC_WARN_SHADOW = YES;
				GCC_WARN_SIGN_COMPARE = YES;
				GCC_WARN_UNKNOWN_PRAGMAS = YES;
				GCC_WARN_UNUSED_FUNCTION = YES;
				GCC_WARN_UNUSED_LABEL = YES;
				GCC_WARN_UNUSED_PARAMETER = YES;
				GCC_WARN_UNUSED_VALUE = YES;
				INFOPLIST_FILE = "Core-Tests/Core-Tests-Info.plist";
				INSTALL_PATH = "$(USER_LIBRARY_DIR)/Bundles";
				OTHER_LDFLAGS = (
					"-framework",
					Foundation,
					"-framework",
					SenTestingKit,
				);
				PRODUCT_NAME = "Core-Tests-Templates-ARC";
				RUN_CLANG_STATIC_ANALYZER = YES;
				SDKROOT = "";
				VALID_ARCHS = x86_64;
				WARNING_CFLAGS = (
					"-Wall",
					"-Weverything",
					"-fdiagnostics-show-category=id",
				);
				WRAPPER_EXTENSION = octest;
				ZERO_LINK = NO;
			};
			name = Release;
		};
		E0919D1C15D7B1980009D434 /* Debug */ = {
			isa = XCBuildConfiguration;
			buildSettings = {
				ALWAYS_SEARCH_USER_PATHS = NO;
				ARCHS = "$(ARCHS_STANDARD_32_64_BIT)";
				COMBINE_HIDPI_IMAGES = YES;
				COPY_PHASE_STRIP = NO;
				FRAMEWORK_SEARCH_PATHS = "$(DEVELOPER_LIBRARY_DIR)/Frameworks";
				GCC_DYNAMIC_NO_PIC = NO;
				GCC_ENABLE_OBJC_EXCEPTIONS = YES;
				GCC_MODEL_TUNING = G5;
				GCC_OPTIMIZATION_LEVEL = 0;
				GCC_PRECOMPILE_PREFIX_HEADER = YES;
				GCC_PREFIX_HEADER = "Core-Tests/CoreTests.pch";
				GCC_PREPROCESSOR_DEFINITIONS = CORE_TESTS_NOLOGGER_BUILD;
				GCC_TREAT_IMPLICIT_FUNCTION_DECLARATIONS_AS_ERRORS = YES;
				GCC_TREAT_NONCONFORMANT_CODE_ERRORS_AS_WARNINGS = YES;
				GCC_TREAT_WARNINGS_AS_ERRORS = YES;
				GCC_WARN_64_TO_32_BIT_CONVERSION = YES;
				GCC_WARN_ABOUT_MISSING_NEWLINE = YES;
				GCC_WARN_ABOUT_MISSING_PROTOTYPES = YES;
				GCC_WARN_CHECK_SWITCH_STATEMENTS = YES;
				GCC_WARN_INITIALIZER_NOT_FULLY_BRACKETED = YES;
				GCC_WARN_MISSING_PARENTHESES = YES;
				GCC_WARN_PROTOTYPE_CONVERSION = YES;
				GCC_WARN_SHADOW = YES;
				GCC_WARN_SIGN_COMPARE = YES;
				GCC_WARN_UNKNOWN_PRAGMAS = YES;
				GCC_WARN_UNUSED_FUNCTION = YES;
				GCC_WARN_UNUSED_LABEL = YES;
				GCC_WARN_UNUSED_PARAMETER = YES;
				GCC_WARN_UNUSED_VALUE = YES;
				INFOPLIST_FILE = "Core-Tests/Core-Tests-Info.plist";
				INSTALL_PATH = "$(USER_LIBRARY_DIR)/Bundles";
				ONLY_ACTIVE_ARCH = NO;
				OTHER_LDFLAGS = (
					"-framework",
					Foundation,
					"-framework",
					SenTestingKit,
				);
				PRODUCT_NAME = "Core-Tests-NoLogger";
				RUN_CLANG_STATIC_ANALYZER = YES;
				SDKROOT = "";
				WARNING_CFLAGS = (
					"-Wall",
					"-Weverything",
					"-fdiagnostics-show-category=id",
				);
				WRAPPER_EXTENSION = octest;
			};
			name = Debug;
		};
		E0919D1D15D7B1980009D434 /* Release */ = {
			isa = XCBuildConfiguration;
			buildSettings = {
				ALWAYS_SEARCH_USER_PATHS = NO;
				ARCHS = "$(ARCHS_STANDARD_32_64_BIT)";
				COMBINE_HIDPI_IMAGES = YES;
				COPY_PHASE_STRIP = YES;
				DEBUG_INFORMATION_FORMAT = "dwarf-with-dsym";
				FRAMEWORK_SEARCH_PATHS = "$(DEVELOPER_LIBRARY_DIR)/Frameworks";
				GCC_ENABLE_OBJC_EXCEPTIONS = YES;
				GCC_MODEL_TUNING = G5;
				GCC_PRECOMPILE_PREFIX_HEADER = YES;
				GCC_PREFIX_HEADER = "Core-Tests/CoreTests.pch";
				GCC_PREPROCESSOR_DEFINITIONS = CORE_TESTS_NOLOGGER_BUILD;
				GCC_TREAT_IMPLICIT_FUNCTION_DECLARATIONS_AS_ERRORS = YES;
				GCC_TREAT_NONCONFORMANT_CODE_ERRORS_AS_WARNINGS = YES;
				GCC_TREAT_WARNINGS_AS_ERRORS = YES;
				GCC_WARN_64_TO_32_BIT_CONVERSION = YES;
				GCC_WARN_ABOUT_MISSING_NEWLINE = YES;
				GCC_WARN_ABOUT_MISSING_PROTOTYPES = YES;
				GCC_WARN_CHECK_SWITCH_STATEMENTS = YES;
				GCC_WARN_INITIALIZER_NOT_FULLY_BRACKETED = YES;
				GCC_WARN_MISSING_PARENTHESES = YES;
				GCC_WARN_PROTOTYPE_CONVERSION = YES;
				GCC_WARN_SHADOW = YES;
				GCC_WARN_SIGN_COMPARE = YES;
				GCC_WARN_UNKNOWN_PRAGMAS = YES;
				GCC_WARN_UNUSED_FUNCTION = YES;
				GCC_WARN_UNUSED_LABEL = YES;
				GCC_WARN_UNUSED_PARAMETER = YES;
				GCC_WARN_UNUSED_VALUE = YES;
				INFOPLIST_FILE = "Core-Tests/Core-Tests-Info.plist";
				INSTALL_PATH = "$(USER_LIBRARY_DIR)/Bundles";
				OTHER_LDFLAGS = (
					"-framework",
					Foundation,
					"-framework",
					SenTestingKit,
				);
				PRODUCT_NAME = "Core-Tests-NoLogger";
				RUN_CLANG_STATIC_ANALYZER = YES;
				SDKROOT = "";
				WARNING_CFLAGS = (
					"-Wall",
					"-Weverything",
					"-fdiagnostics-show-category=id",
				);
				WRAPPER_EXTENSION = octest;
				ZERO_LINK = NO;
			};
			name = Release;
		};
		E0919D2915D7B20E0009D434 /* Debug */ = {
			isa = XCBuildConfiguration;
			buildSettings = {
				ALWAYS_SEARCH_USER_PATHS = NO;
				ARCHS = "$(ARCHS_STANDARD_64_BIT)";
				CLANG_ENABLE_OBJC_ARC = YES;
				COMBINE_HIDPI_IMAGES = YES;
				COPY_PHASE_STRIP = NO;
				FRAMEWORK_SEARCH_PATHS = "$(DEVELOPER_LIBRARY_DIR)/Frameworks";
				GCC_DYNAMIC_NO_PIC = NO;
				GCC_ENABLE_OBJC_EXCEPTIONS = YES;
				GCC_MODEL_TUNING = G5;
				GCC_OPTIMIZATION_LEVEL = 0;
				GCC_PRECOMPILE_PREFIX_HEADER = YES;
				GCC_PREFIX_HEADER = "Core-Tests/CoreTests.pch";
				GCC_PREPROCESSOR_DEFINITIONS = CORE_TESTS_NOLOGGER_BUILD;
				GCC_TREAT_IMPLICIT_FUNCTION_DECLARATIONS_AS_ERRORS = YES;
				GCC_TREAT_NONCONFORMANT_CODE_ERRORS_AS_WARNINGS = YES;
				GCC_TREAT_WARNINGS_AS_ERRORS = YES;
				GCC_WARN_64_TO_32_BIT_CONVERSION = YES;
				GCC_WARN_ABOUT_MISSING_NEWLINE = YES;
				GCC_WARN_ABOUT_MISSING_PROTOTYPES = YES;
				GCC_WARN_CHECK_SWITCH_STATEMENTS = YES;
				GCC_WARN_INITIALIZER_NOT_FULLY_BRACKETED = YES;
				GCC_WARN_MISSING_PARENTHESES = YES;
				GCC_WARN_PROTOTYPE_CONVERSION = YES;
				GCC_WARN_SHADOW = YES;
				GCC_WARN_SIGN_COMPARE = YES;
				GCC_WARN_UNKNOWN_PRAGMAS = YES;
				GCC_WARN_UNUSED_FUNCTION = YES;
				GCC_WARN_UNUSED_LABEL = YES;
				GCC_WARN_UNUSED_PARAMETER = YES;
				GCC_WARN_UNUSED_VALUE = YES;
				INFOPLIST_FILE = "Core-Tests/Core-Tests-Info.plist";
				INSTALL_PATH = "$(USER_LIBRARY_DIR)/Bundles";
				ONLY_ACTIVE_ARCH = NO;
				OTHER_LDFLAGS = (
					"-framework",
					Foundation,
					"-framework",
					SenTestingKit,
				);
				PRODUCT_NAME = "Core-Tests-NoLogger-ARC";
				RUN_CLANG_STATIC_ANALYZER = YES;
				SDKROOT = "";
				VALID_ARCHS = x86_64;
				WARNING_CFLAGS = (
					"-Wall",
					"-Weverything",
					"-fdiagnostics-show-category=id",
				);
				WRAPPER_EXTENSION = octest;
			};
			name = Debug;
		};
		E0919D2A15D7B20E0009D434 /* Release */ = {
			isa = XCBuildConfiguration;
			buildSettings = {
				ALWAYS_SEARCH_USER_PATHS = NO;
				ARCHS = "$(ARCHS_STANDARD_64_BIT)";
				CLANG_ENABLE_OBJC_ARC = YES;
				COMBINE_HIDPI_IMAGES = YES;
				COPY_PHASE_STRIP = YES;
				DEBUG_INFORMATION_FORMAT = "dwarf-with-dsym";
				FRAMEWORK_SEARCH_PATHS = "$(DEVELOPER_LIBRARY_DIR)/Frameworks";
				GCC_ENABLE_OBJC_EXCEPTIONS = YES;
				GCC_MODEL_TUNING = G5;
				GCC_PRECOMPILE_PREFIX_HEADER = YES;
				GCC_PREFIX_HEADER = "Core-Tests/CoreTests.pch";
				GCC_PREPROCESSOR_DEFINITIONS = CORE_TESTS_NOLOGGER_BUILD;
				GCC_TREAT_IMPLICIT_FUNCTION_DECLARATIONS_AS_ERRORS = YES;
				GCC_TREAT_NONCONFORMANT_CODE_ERRORS_AS_WARNINGS = YES;
				GCC_TREAT_WARNINGS_AS_ERRORS = YES;
				GCC_WARN_64_TO_32_BIT_CONVERSION = YES;
				GCC_WARN_ABOUT_MISSING_NEWLINE = YES;
				GCC_WARN_ABOUT_MISSING_PROTOTYPES = YES;
				GCC_WARN_CHECK_SWITCH_STATEMENTS = YES;
				GCC_WARN_INITIALIZER_NOT_FULLY_BRACKETED = YES;
				GCC_WARN_MISSING_PARENTHESES = YES;
				GCC_WARN_PROTOTYPE_CONVERSION = YES;
				GCC_WARN_SHADOW = YES;
				GCC_WARN_SIGN_COMPARE = YES;
				GCC_WARN_UNKNOWN_PRAGMAS = YES;
				GCC_WARN_UNUSED_FUNCTION = YES;
				GCC_WARN_UNUSED_LABEL = YES;
				GCC_WARN_UNUSED_PARAMETER = YES;
				GCC_WARN_UNUSED_VALUE = YES;
				INFOPLIST_FILE = "Core-Tests/Core-Tests-Info.plist";
				INSTALL_PATH = "$(USER_LIBRARY_DIR)/Bundles";
				OTHER_LDFLAGS = (
					"-framework",
					Foundation,
					"-framework",
					SenTestingKit,
				);
				PRODUCT_NAME = "Core-Tests-NoLogger-ARC";
				RUN_CLANG_STATIC_ANALYZER = YES;
				SDKROOT = "";
				VALID_ARCHS = x86_64;
				WARNING_CFLAGS = (
					"-Wall",
					"-Weverything",
					"-fdiagnostics-show-category=id",
				);
				WRAPPER_EXTENSION = octest;
				ZERO_LINK = NO;
			};
			name = Release;
		};
		E0C394C215D7A9390070B99C /* Debug */ = {
			isa = XCBuildConfiguration;
			buildSettings = {
				ALWAYS_SEARCH_USER_PATHS = NO;
				ARCHS = "$(ARCHS_STANDARD_64_BIT)";
				CLANG_ENABLE_OBJC_ARC = YES;
				COMBINE_HIDPI_IMAGES = YES;
				COPY_PHASE_STRIP = NO;
				FRAMEWORK_SEARCH_PATHS = "$(DEVELOPER_LIBRARY_DIR)/Frameworks";
				GCC_DYNAMIC_NO_PIC = NO;
				GCC_ENABLE_OBJC_EXCEPTIONS = YES;
				GCC_MODEL_TUNING = G5;
				GCC_OPTIMIZATION_LEVEL = 0;
				GCC_PRECOMPILE_PREFIX_HEADER = YES;
				GCC_PREFIX_HEADER = "Core-Tests/CoreTests.pch";
				GCC_PREPROCESSOR_DEFINITIONS = _LCL_NO_IGNORE_WARNINGS;
				GCC_TREAT_IMPLICIT_FUNCTION_DECLARATIONS_AS_ERRORS = YES;
				GCC_TREAT_NONCONFORMANT_CODE_ERRORS_AS_WARNINGS = YES;
				GCC_TREAT_WARNINGS_AS_ERRORS = NO;
				GCC_WARN_64_TO_32_BIT_CONVERSION = YES;
				GCC_WARN_ABOUT_MISSING_NEWLINE = YES;
				GCC_WARN_ABOUT_MISSING_PROTOTYPES = YES;
				GCC_WARN_CHECK_SWITCH_STATEMENTS = YES;
				GCC_WARN_INITIALIZER_NOT_FULLY_BRACKETED = YES;
				GCC_WARN_MISSING_PARENTHESES = YES;
				GCC_WARN_PROTOTYPE_CONVERSION = YES;
				GCC_WARN_SHADOW = YES;
				GCC_WARN_SIGN_COMPARE = YES;
				GCC_WARN_UNKNOWN_PRAGMAS = YES;
				GCC_WARN_UNUSED_FUNCTION = YES;
				GCC_WARN_UNUSED_LABEL = YES;
				GCC_WARN_UNUSED_PARAMETER = YES;
				GCC_WARN_UNUSED_VALUE = YES;
				INFOPLIST_FILE = "Core-Tests/Core-Tests-Info.plist";
				INSTALL_PATH = "$(USER_LIBRARY_DIR)/Bundles";
				ONLY_ACTIVE_ARCH = NO;
				OTHER_LDFLAGS = (
					"-framework",
					Foundation,
					"-framework",
					SenTestingKit,
				);
				PRODUCT_NAME = "Core-Tests-Warnings";
				RUN_CLANG_STATIC_ANALYZER = YES;
				SDKROOT = "";
				VALID_ARCHS = x86_64;
				WARNING_CFLAGS = (
					"-Wall",
					"-Weverything",
					"-fdiagnostics-show-category=id",
				);
				WRAPPER_EXTENSION = octest;
			};
			name = Debug;
		};
		E0C394C315D7A9390070B99C /* Release */ = {
			isa = XCBuildConfiguration;
			buildSettings = {
				ALWAYS_SEARCH_USER_PATHS = NO;
				ARCHS = "$(ARCHS_STANDARD_64_BIT)";
				CLANG_ENABLE_OBJC_ARC = YES;
				COMBINE_HIDPI_IMAGES = YES;
				COPY_PHASE_STRIP = YES;
				DEBUG_INFORMATION_FORMAT = "dwarf-with-dsym";
				FRAMEWORK_SEARCH_PATHS = "$(DEVELOPER_LIBRARY_DIR)/Frameworks";
				GCC_ENABLE_OBJC_EXCEPTIONS = YES;
				GCC_MODEL_TUNING = G5;
				GCC_PRECOMPILE_PREFIX_HEADER = YES;
				GCC_PREFIX_HEADER = "Core-Tests/CoreTests.pch";
				GCC_PREPROCESSOR_DEFINITIONS = _LCL_NO_IGNORE_WARNINGS;
				GCC_TREAT_IMPLICIT_FUNCTION_DECLARATIONS_AS_ERRORS = YES;
				GCC_TREAT_NONCONFORMANT_CODE_ERRORS_AS_WARNINGS = YES;
				GCC_TREAT_WARNINGS_AS_ERRORS = NO;
				GCC_WARN_64_TO_32_BIT_CONVERSION = YES;
				GCC_WARN_ABOUT_MISSING_NEWLINE = YES;
				GCC_WARN_ABOUT_MISSING_PROTOTYPES = YES;
				GCC_WARN_CHECK_SWITCH_STATEMENTS = YES;
				GCC_WARN_INITIALIZER_NOT_FULLY_BRACKETED = YES;
				GCC_WARN_MISSING_PARENTHESES = YES;
				GCC_WARN_PROTOTYPE_CONVERSION = YES;
				GCC_WARN_SHADOW = YES;
				GCC_WARN_SIGN_COMPARE = YES;
				GCC_WARN_UNKNOWN_PRAGMAS = YES;
				GCC_WARN_UNUSED_FUNCTION = YES;
				GCC_WARN_UNUSED_LABEL = YES;
				GCC_WARN_UNUSED_PARAMETER = YES;
				GCC_WARN_UNUSED_VALUE = YES;
				INFOPLIST_FILE = "Core-Tests/Core-Tests-Info.plist";
				INSTALL_PATH = "$(USER_LIBRARY_DIR)/Bundles";
				OTHER_LDFLAGS = (
					"-framework",
					Foundation,
					"-framework",
					SenTestingKit,
				);
				PRODUCT_NAME = "Core-Tests-Warnings";
				RUN_CLANG_STATIC_ANALYZER = YES;
				SDKROOT = "";
				VALID_ARCHS = x86_64;
				WARNING_CFLAGS = (
					"-Wall",
					"-Weverything",
					"-fdiagnostics-show-category=id",
				);
				WRAPPER_EXTENSION = octest;
				ZERO_LINK = NO;
			};
			name = Release;
		};
		E0EB43EA10F4B366009540E4 /* Debug */ = {
			isa = XCBuildConfiguration;
			buildSettings = {
				ALWAYS_SEARCH_USER_PATHS = NO;
				ARCHS = "$(ARCHS_STANDARD_32_64_BIT)";
				COMBINE_HIDPI_IMAGES = YES;
				COPY_PHASE_STRIP = NO;
				FRAMEWORK_SEARCH_PATHS = "$(DEVELOPER_LIBRARY_DIR)/Frameworks";
				GCC_DYNAMIC_NO_PIC = NO;
				GCC_ENABLE_OBJC_EXCEPTIONS = YES;
				GCC_MODEL_TUNING = G5;
				GCC_OPTIMIZATION_LEVEL = 0;
				GCC_PRECOMPILE_PREFIX_HEADER = NO;
				GCC_TREAT_WARNINGS_AS_ERRORS = YES;
				INFOPLIST_FILE = "Core-Tests/Core-Tests-Info.plist";
				INSTALL_PATH = "$(USER_LIBRARY_DIR)/Bundles";
				ONLY_ACTIVE_ARCH = NO;
				OTHER_LDFLAGS = (
					"-framework",
					Foundation,
					"-framework",
					SenTestingKit,
				);
				PRODUCT_NAME = "Core-Tests";
				RUN_CLANG_STATIC_ANALYZER = YES;
				SDKROOT = "";
				WRAPPER_EXTENSION = octest;
			};
			name = Debug;
		};
		E0EB43EB10F4B366009540E4 /* Release */ = {
			isa = XCBuildConfiguration;
			buildSettings = {
				ALWAYS_SEARCH_USER_PATHS = NO;
				ARCHS = "$(ARCHS_STANDARD_32_64_BIT)";
				COMBINE_HIDPI_IMAGES = YES;
				COPY_PHASE_STRIP = YES;
				DEBUG_INFORMATION_FORMAT = "dwarf-with-dsym";
				FRAMEWORK_SEARCH_PATHS = "$(DEVELOPER_LIBRARY_DIR)/Frameworks";
				GCC_ENABLE_OBJC_EXCEPTIONS = YES;
				GCC_MODEL_TUNING = G5;
				GCC_PRECOMPILE_PREFIX_HEADER = NO;
				GCC_TREAT_WARNINGS_AS_ERRORS = YES;
				INFOPLIST_FILE = "Core-Tests/Core-Tests-Info.plist";
				INSTALL_PATH = "$(USER_LIBRARY_DIR)/Bundles";
				OTHER_LDFLAGS = (
					"-framework",
					Foundation,
					"-framework",
					SenTestingKit,
				);
				PRODUCT_NAME = "Core-Tests";
				RUN_CLANG_STATIC_ANALYZER = YES;
				SDKROOT = "";
				WRAPPER_EXTENSION = octest;
				ZERO_LINK = NO;
			};
			name = Release;
		};
/* End XCBuildConfiguration section */

/* Begin XCConfigurationList section */
		C01FCF4E08A954540054247B /* Build configuration list for PBXProject "LibComponentLogging-Core" */ = {
			isa = XCConfigurationList;
			buildConfigurations = (
				C01FCF4F08A954540054247B /* Debug */,
				C01FCF5008A954540054247B /* Release */,
			);
			defaultConfigurationIsVisible = 0;
			defaultConfigurationName = Release;
		};
		E00B95E90F2C88F900309460 /* Build configuration list for PBXNativeTarget "Core-Tests-MacOSX" */ = {
			isa = XCConfigurationList;
			buildConfigurations = (
				E00B95E70F2C88F900309460 /* Debug */,
				E00B95E80F2C88F900309460 /* Release */,
			);
			defaultConfigurationIsVisible = 0;
			defaultConfigurationName = Release;
		};
		E00C11CC144B29C800A3488C /* Build configuration list for PBXNativeTarget "Core-Tests-MacOSX-ARC" */ = {
			isa = XCConfigurationList;
			buildConfigurations = (
				E00C11CD144B29C800A3488C /* Debug */,
				E00C11CE144B29C800A3488C /* Release */,
			);
			defaultConfigurationIsVisible = 0;
			defaultConfigurationName = Release;
		};
		E03C9EC110F65B3A0090E09B /* Build configuration list for PBXNativeTarget "Core-Tests-iPhoneOS" */ = {
			isa = XCConfigurationList;
			buildConfigurations = (
				E03C9EC210F65B3A0090E09B /* Debug */,
				E03C9EC310F65B3A0090E09B /* Release */,
			);
			defaultConfigurationIsVisible = 0;
			defaultConfigurationName = Release;
		};
		E05D564E111614DE00E7E36E /* Build configuration list for PBXNativeTarget "Core-Tests-Templates" */ = {
			isa = XCConfigurationList;
			buildConfigurations = (
				E05D564F111614DE00E7E36E /* Debug */,
				E05D5650111614DE00E7E36E /* Release */,
			);
			defaultConfigurationIsVisible = 0;
			defaultConfigurationName = Release;
		};
		E0861D65144B2ADA00A5B70C /* Build configuration list for PBXNativeTarget "Core-Tests-Templates-ARC" */ = {
			isa = XCConfigurationList;
			buildConfigurations = (
				E0861D66144B2ADA00A5B70C /* Debug */,
				E0861D67144B2ADA00A5B70C /* Release */,
			);
			defaultConfigurationIsVisible = 0;
			defaultConfigurationName = Release;
		};
		E0919D1B15D7B1980009D434 /* Build configuration list for PBXNativeTarget "Core-Tests-NoLogger" */ = {
			isa = XCConfigurationList;
			buildConfigurations = (
				E0919D1C15D7B1980009D434 /* Debug */,
				E0919D1D15D7B1980009D434 /* Release */,
			);
			defaultConfigurationIsVisible = 0;
			defaultConfigurationName = Release;
		};
		E0919D2815D7B20E0009D434 /* Build configuration list for PBXNativeTarget "Core-Tests-NoLogger-ARC" */ = {
			isa = XCConfigurationList;
			buildConfigurations = (
				E0919D2915D7B20E0009D434 /* Debug */,
				E0919D2A15D7B20E0009D434 /* Release */,
			);
			defaultConfigurationIsVisible = 0;
			defaultConfigurationName = Release;
		};
		E0C394C115D7A9390070B99C /* Build configuration list for PBXNativeTarget "Core-Tests-Warnings" */ = {
			isa = XCConfigurationList;
			buildConfigurations = (
				E0C394C215D7A9390070B99C /* Debug */,
				E0C394C315D7A9390070B99C /* Release */,
			);
			defaultConfigurationIsVisible = 0;
			defaultConfigurationName = Release;
		};
		E0EB43EC10F4B366009540E4 /* Build configuration list for PBXNativeTarget "Core-Tests" */ = {
			isa = XCConfigurationList;
			buildConfigurations = (
				E0EB43EA10F4B366009540E4 /* Debug */,
				E0EB43EB10F4B366009540E4 /* Release */,
			);
			defaultConfigurationIsVisible = 0;
			defaultConfigurationName = Release;
		};
/* End XCConfigurationList section */
	};
	rootObject = 29B97313FDCFA39411CA2CEA /* Project object */;
}
